{
  "object": {
    "pins": [
      {
        "package": "ActivityIndicator",
        "repositoryURL": "https://github.com/duyquang91/ActivityIndicator",
        "state": {
          "branch": null,
          "revision": "0101a02196f6a67cf26f6434b007d3db6bd07fee",
          "version": "1.1.0"
        }
      },
      {
        "package": "AnyCodable",
        "repositoryURL": "https://github.com/Flight-School/AnyCodable",
        "state": {
          "branch": null,
          "revision": "b1a7a8a6186f2fcb28f7bda67cfc545de48b3c80",
          "version": "0.6.2"
        }
      },
      {
        "package": "CombineExt",
        "repositoryURL": "https://github.com/CombineCommunity/CombineExt",
        "state": {
          "branch": null,
          "revision": "8ca006df5e3cc6bb176b70238e2b0014bbc3a235",
          "version": "1.0.0"
        }
      },
      {
        "package": "CoreStore",
        "repositoryURL": "https://github.com/JohnEstropia/CoreStore.git",
        "state": {
          "branch": null,
          "revision": "496145761ab30e8cf1c44220c0882b95e6b41077",
          "version": "8.1.0"
        }
      },
      {
        "package": "Defaults",
        "repositoryURL": "https://github.com/sindresorhus/Defaults",
        "state": {
          "branch": null,
          "revision": "8a6e4a96fd38504a05903d136c85634b65fd7c4d",
          "version": "6.0.0"
        }
      },
      {
        "package": "Gifu",
        "repositoryURL": "https://github.com/kaishin/Gifu",
        "state": {
          "branch": null,
          "revision": "51f2eab32903e336f590c013267cfa4d7f8b06c4",
          "version": "3.3.1"
        }
      },
      {
        "package": "JellyfinAPI",
        "repositoryURL": "https://github.com/jellyfin/jellyfin-sdk-swift",
        "state": {
          "branch": "main",
          "revision": "f315671ced976a7ec75ce6a1f37e00b4880cbf4b",
          "version": null
        }
      },
      {
        "package": "Nuke",
        "repositoryURL": "https://github.com/kean/Nuke",
        "state": {
          "branch": null,
          "revision": "6be3e778f1663b16dd645b7e8a0a01f73b5ed7f3",
          "version": "10.6.1"
        }
      },
      {
        "package": "NukeUI",
        "repositoryURL": "https://github.com/kean/NukeUI",
        "state": {
          "branch": null,
          "revision": "08e953d8d80b409bebcd95ba0635fdd748934ce0",
          "version": "0.7.0"
        }
      },
      {
        "package": "ParallaxView",
        "repositoryURL": "https://github.com/PGSSoft/ParallaxView",
        "state": {
          "branch": null,
          "revision": "a4165b0edd9c9c923a1d6e3e4c9a807302a1a475",
          "version": "3.1.2"
        }
      },
      {
        "package": "Puppy",
        "repositoryURL": "https://github.com/sushichop/Puppy",
        "state": {
          "branch": null,
          "revision": "dc82e65c749cee431ffbb8c0913680b61ccd7e08",
          "version": "0.2.0"
        }
      },
      {
        "package": "Stinsen",
        "repositoryURL": "https://github.com/rundfunk47/stinsen",
        "state": {
          "branch": null,
          "revision": "5e6c714f6f308877c8a988523915f9eb592d7d82",
          "version": "2.0.3"
        }
      },
      {
        "package": "swift-log",
        "repositoryURL": "https://github.com/apple/swift-log.git",
        "state": {
          "branch": null,
          "revision": "5d66f7ba25daf4f94100e7022febf3c75e37a6c7",
          "version": "1.4.2"
        }
      },
      {
        "package": "Introspect",
        "repositoryURL": "https://github.com/siteline/SwiftUI-Introspect",
        "state": {
          "branch": null,
          "revision": "2e09be8af614401bc9f87d40093ec19ce56ccaf2",
          "version": "0.1.3"
        }
      },
      {
        "package": "Sliders",
        "repositoryURL": "https://github.com/spacenation/swiftui-sliders",
        "state": {
          "branch": "master",
          "revision": "518bed3bfc7bd522f3c49404a0d1efb98fa1bf2c",
          "version": null
        }
      },
      {
        "package": "SwiftUICollection",
        "repositoryURL": "https://github.com/ABJC/SwiftUICollection",
        "state": {
          "branch": "master",
          "revision": "e27149382ce8ec21995069c8aab7ca83d61a3120",
          "version": null
        }
      },
      {
        "package": "SwiftyJSON",
        "repositoryURL": "https://github.com/SwiftyJSON/SwiftyJSON",
        "state": {
          "branch": null,
          "revision": "b3dcd7dbd0d488e1a7077cb33b00f2083e382f07",
          "version": "5.0.1"
        }
      }
    ]
  },
  "version": 1
}
