// !$*UTF8*$!
{
	archiveVersion = 1;
	classes = {
	};
	objectVersion = 52;
	objects = {

/* Begin PBXBuildFile section */
		531690E5267ABD5C005D8AB9 /* MainTabView.swift in Sources */ = {isa = PBXBuildFile; fileRef = 531690E4267ABD5C005D8AB9 /* MainTabView.swift */; };
		531690E7267ABD79005D8AB9 /* HomeView.swift in Sources */ = {isa = PBXBuildFile; fileRef = 531690E6267ABD79005D8AB9 /* HomeView.swift */; };
		531690ED267ABF46005D8AB9 /* ContinueWatchingView.swift in Sources */ = {isa = PBXBuildFile; fileRef = 531690EB267ABF46005D8AB9 /* ContinueWatchingView.swift */; };
		531690F0267ABF72005D8AB9 /* NextUpView.swift in Sources */ = {isa = PBXBuildFile; fileRef = 531690EE267ABF72005D8AB9 /* NextUpView.swift */; };
		531690F7267ACC00005D8AB9 /* LandscapeItemElement.swift in Sources */ = {isa = PBXBuildFile; fileRef = 531690F6267ACC00005D8AB9 /* LandscapeItemElement.swift */; };
		531690FA267AD6EC005D8AB9 /* PlainNavigationLinkButton.swift in Sources */ = {isa = PBXBuildFile; fileRef = 531690F9267AD6EC005D8AB9 /* PlainNavigationLinkButton.swift */; };
		53192D5D265AA78A008A4215 /* DeviceProfileBuilder.swift in Sources */ = {isa = PBXBuildFile; fileRef = 53192D5C265AA78A008A4215 /* DeviceProfileBuilder.swift */; };
		531ABF6C2671F5CC00C0FE20 /* WidgetKit.framework in Frameworks */ = {isa = PBXBuildFile; fileRef = 628B95212670CABD0091AF3B /* WidgetKit.framework */; };
		531AC8BF26750DE20091C7EB /* ImageView.swift in Sources */ = {isa = PBXBuildFile; fileRef = 531AC8BE26750DE20091C7EB /* ImageView.swift */; };
		5321753B2671BCFC005491E6 /* SettingsViewModel.swift in Sources */ = {isa = PBXBuildFile; fileRef = 5321753A2671BCFC005491E6 /* SettingsViewModel.swift */; };
		5321753E2671DE9C005491E6 /* Typings.swift in Sources */ = {isa = PBXBuildFile; fileRef = 535870AC2669D8DD00D05A09 /* Typings.swift */; };
		532175402671EE4F005491E6 /* LibraryFilterView.swift in Sources */ = {isa = PBXBuildFile; fileRef = 53E4E646263F6CF100F67C6B /* LibraryFilterView.swift */; };
		53313B90265EEA6D00947AA3 /* VideoPlayer.storyboard in Resources */ = {isa = PBXBuildFile; fileRef = 53313B8F265EEA6D00947AA3 /* VideoPlayer.storyboard */; };
		53352571265EA0A0006CCA86 /* Introspect in Frameworks */ = {isa = PBXBuildFile; productRef = 53352570265EA0A0006CCA86 /* Introspect */; };
		5338F74E263B61370014BF09 /* ConnectToServerView.swift in Sources */ = {isa = PBXBuildFile; fileRef = 5338F74D263B61370014BF09 /* ConnectToServerView.swift */; };
		5338F757263B7E2E0014BF09 /* KeychainSwift in Frameworks */ = {isa = PBXBuildFile; productRef = 5338F756263B7E2E0014BF09 /* KeychainSwift */; };
		535870632669D21600D05A09 /* JellyfinPlayer_tvOSApp.swift in Sources */ = {isa = PBXBuildFile; fileRef = 535870622669D21600D05A09 /* JellyfinPlayer_tvOSApp.swift */; };
		535870672669D21700D05A09 /* Assets.xcassets in Resources */ = {isa = PBXBuildFile; fileRef = 535870662669D21700D05A09 /* Assets.xcassets */; };
		5358706A2669D21700D05A09 /* Preview Assets.xcassets in Resources */ = {isa = PBXBuildFile; fileRef = 535870692669D21700D05A09 /* Preview Assets.xcassets */; };
		5358706C2669D21700D05A09 /* PersistenceController.swift in Sources */ = {isa = PBXBuildFile; fileRef = 5358706B2669D21700D05A09 /* PersistenceController.swift */; };
		5358707E2669D64F00D05A09 /* bitrates.json in Resources */ = {isa = PBXBuildFile; fileRef = AE8C3158265D6F90008AA076 /* bitrates.json */; };
		5358708D2669D7A800D05A09 /* KeychainSwift in Frameworks */ = {isa = PBXBuildFile; productRef = 5358708C2669D7A800D05A09 /* KeychainSwift */; };
		535870912669D7A800D05A09 /* Introspect in Frameworks */ = {isa = PBXBuildFile; productRef = 535870902669D7A800D05A09 /* Introspect */; };
		5358709B2669D7A800D05A09 /* NukeUI in Frameworks */ = {isa = PBXBuildFile; productRef = 5358709A2669D7A800D05A09 /* NukeUI */; };
		535870A32669D89F00D05A09 /* Model.xcdatamodeld in Sources */ = {isa = PBXBuildFile; fileRef = 5377CBFF263B596B003A4E83 /* Model.xcdatamodeld */; };
		535870A52669D8AE00D05A09 /* ParallaxHeader.swift in Sources */ = {isa = PBXBuildFile; fileRef = 6225FCCA2663841E00E067F6 /* ParallaxHeader.swift */; };
		535870A62669D8AE00D05A09 /* LazyView.swift in Sources */ = {isa = PBXBuildFile; fileRef = 621338B22660A07800A81A2A /* LazyView.swift */; };
		535870A72669D8AE00D05A09 /* MultiSelectorView.swift in Sources */ = {isa = PBXBuildFile; fileRef = 53E4E648263F725B00F67C6B /* MultiSelectorView.swift */; };
		535870A82669D8AE00D05A09 /* StringExtensions.swift in Sources */ = {isa = PBXBuildFile; fileRef = 621338922660107500A81A2A /* StringExtensions.swift */; };
		535870AA2669D8AE00D05A09 /* BlurHashDecode.swift in Sources */ = {isa = PBXBuildFile; fileRef = 5389277B263CC3DB0035E14B /* BlurHashDecode.swift */; };
		535870AD2669D8DD00D05A09 /* Typings.swift in Sources */ = {isa = PBXBuildFile; fileRef = 535870AC2669D8DD00D05A09 /* Typings.swift */; };
		535BAE9F2649E569005FA86D /* ItemView.swift in Sources */ = {isa = PBXBuildFile; fileRef = 535BAE9E2649E569005FA86D /* ItemView.swift */; };
		535BAEA5264A151C005FA86D /* VideoPlayer.swift in Sources */ = {isa = PBXBuildFile; fileRef = 535BAEA4264A151C005FA86D /* VideoPlayer.swift */; };
		5364F455266CA0DC0026ECBA /* APIExtensions.swift in Sources */ = {isa = PBXBuildFile; fileRef = 5364F454266CA0DC0026ECBA /* APIExtensions.swift */; };
		5364F456266CA0DC0026ECBA /* APIExtensions.swift in Sources */ = {isa = PBXBuildFile; fileRef = 5364F454266CA0DC0026ECBA /* APIExtensions.swift */; };
		536D3D74267BA8170004248C /* BackgroundManager.swift in Sources */ = {isa = PBXBuildFile; fileRef = 536D3D73267BA8170004248C /* BackgroundManager.swift */; };
		536D3D76267BA9BB0004248C /* MainTabViewModel.swift in Sources */ = {isa = PBXBuildFile; fileRef = 536D3D75267BA9BB0004248C /* MainTabViewModel.swift */; };
		536D3D78267BD5C30004248C /* ViewModel.swift in Sources */ = {isa = PBXBuildFile; fileRef = 625CB57B2678CE1000530A6E /* ViewModel.swift */; };
		536D3D79267BD5D00004248C /* ViewModel.swift in Sources */ = {isa = PBXBuildFile; fileRef = 625CB57B2678CE1000530A6E /* ViewModel.swift */; };
		536D3D7D267BD5F90004248C /* ActivityIndicator in Frameworks */ = {isa = PBXBuildFile; productRef = 536D3D7C267BD5F90004248C /* ActivityIndicator */; };
		536D3D7F267BDF100004248C /* LatestMediaView.swift in Sources */ = {isa = PBXBuildFile; fileRef = 536D3D7E267BDF100004248C /* LatestMediaView.swift */; };
		536D3D81267BDFC60004248C /* PortraitItemElement.swift in Sources */ = {isa = PBXBuildFile; fileRef = 536D3D80267BDFC60004248C /* PortraitItemElement.swift */; };
		536D3D84267BEA550004248C /* ParallaxView in Frameworks */ = {isa = PBXBuildFile; productRef = 536D3D83267BEA550004248C /* ParallaxView */; };
		536D3D88267C17350004248C /* PublicUserButton.swift in Sources */ = {isa = PBXBuildFile; fileRef = 536D3D87267C17350004248C /* PublicUserButton.swift */; };
		5377CBF5263B596A003A4E83 /* JellyfinPlayerApp.swift in Sources */ = {isa = PBXBuildFile; fileRef = 5377CBF4263B596A003A4E83 /* JellyfinPlayerApp.swift */; };
		5377CBF9263B596B003A4E83 /* Assets.xcassets in Resources */ = {isa = PBXBuildFile; fileRef = 5377CBF8263B596B003A4E83 /* Assets.xcassets */; };
		5377CBFC263B596B003A4E83 /* Preview Assets.xcassets in Resources */ = {isa = PBXBuildFile; fileRef = 5377CBFB263B596B003A4E83 /* Preview Assets.xcassets */; };
		5377CBFE263B596B003A4E83 /* PersistenceController.swift in Sources */ = {isa = PBXBuildFile; fileRef = 5377CBFD263B596B003A4E83 /* PersistenceController.swift */; };
		5377CC01263B596B003A4E83 /* Model.xcdatamodeld in Sources */ = {isa = PBXBuildFile; fileRef = 5377CBFF263B596B003A4E83 /* Model.xcdatamodeld */; };
		5389276E263C25100035E14B /* ContinueWatchingView.swift in Sources */ = {isa = PBXBuildFile; fileRef = 5389276D263C25100035E14B /* ContinueWatchingView.swift */; };
		53892770263C25230035E14B /* NextUpView.swift in Sources */ = {isa = PBXBuildFile; fileRef = 5389276F263C25230035E14B /* NextUpView.swift */; };
		53892772263C8C6F0035E14B /* LoadingView.swift in Sources */ = {isa = PBXBuildFile; fileRef = 53892771263C8C6F0035E14B /* LoadingView.swift */; };
		5389277C263CC3DB0035E14B /* BlurHashDecode.swift in Sources */ = {isa = PBXBuildFile; fileRef = 5389277B263CC3DB0035E14B /* BlurHashDecode.swift */; };
		539B2DA5263BA5B8007FF1A4 /* SettingsView.swift in Sources */ = {isa = PBXBuildFile; fileRef = 539B2DA4263BA5B8007FF1A4 /* SettingsView.swift */; };
		53A089D0264DA9DA00D57806 /* MovieItemView.swift in Sources */ = {isa = PBXBuildFile; fileRef = 53A089CF264DA9DA00D57806 /* MovieItemView.swift */; };
		53A431BD266B0FF20016769F /* JellyfinAPI in Frameworks */ = {isa = PBXBuildFile; productRef = 53A431BC266B0FF20016769F /* JellyfinAPI */; };
		53A431BF266B0FFE0016769F /* JellyfinAPI in Frameworks */ = {isa = PBXBuildFile; productRef = 53A431BE266B0FFE0016769F /* JellyfinAPI */; };
		53ABFDDC267972BF00886593 /* TVServices.framework in Frameworks */ = {isa = PBXBuildFile; fileRef = 53ABFDDB267972BF00886593 /* TVServices.framework */; };
		53ABFDDE267974E300886593 /* SplashView.swift in Sources */ = {isa = PBXBuildFile; fileRef = 53ABFDDD267974E300886593 /* SplashView.swift */; };
		53ABFDE4267974EF00886593 /* LibraryListViewModel.swift in Sources */ = {isa = PBXBuildFile; fileRef = 625CB5742678C33500530A6E /* LibraryListViewModel.swift */; };
		53ABFDE5267974EF00886593 /* ViewModel.swift in Sources */ = {isa = PBXBuildFile; fileRef = 625CB57B2678CE1000530A6E /* ViewModel.swift */; };
		53ABFDE6267974EF00886593 /* SettingsViewModel.swift in Sources */ = {isa = PBXBuildFile; fileRef = 5321753A2671BCFC005491E6 /* SettingsViewModel.swift */; };
		53ABFDE7267974EF00886593 /* ConnectToServerViewModel.swift in Sources */ = {isa = PBXBuildFile; fileRef = 625CB5762678C34300530A6E /* ConnectToServerViewModel.swift */; };
		53ABFDE8267974EF00886593 /* SplashViewModel.swift in Sources */ = {isa = PBXBuildFile; fileRef = 625CB5692678B71200530A6E /* SplashViewModel.swift */; };
		53ABFDE9267974EF00886593 /* HomeViewModel.swift in Sources */ = {isa = PBXBuildFile; fileRef = 625CB5722678C32A00530A6E /* HomeViewModel.swift */; };
		53ABFDEB2679753200886593 /* ConnectToServerView.swift in Sources */ = {isa = PBXBuildFile; fileRef = 53ABFDEA2679753200886593 /* ConnectToServerView.swift */; };
		53ABFDED26799D7700886593 /* ActivityIndicator in Frameworks */ = {isa = PBXBuildFile; productRef = 53ABFDEC26799D7700886593 /* ActivityIndicator */; };
		53ABFDEE26799DCD00886593 /* ImageView.swift in Sources */ = {isa = PBXBuildFile; fileRef = 531AC8BE26750DE20091C7EB /* ImageView.swift */; };
		53AD124D267029D60094A276 /* SeriesItemView.swift in Sources */ = {isa = PBXBuildFile; fileRef = 53987CA526572F0700E7EA70 /* SeriesItemView.swift */; };
		53AD124E26702B8A0094A276 /* SeasonItemView.swift in Sources */ = {isa = PBXBuildFile; fileRef = 53987CA326572C1300E7EA70 /* SeasonItemView.swift */; };
		53DE4BD02670961400739748 /* EpisodeItemView.swift in Sources */ = {isa = PBXBuildFile; fileRef = 53987CA72657424A00E7EA70 /* EpisodeItemView.swift */; };
		53DE4BD2267098F300739748 /* SearchBarView.swift in Sources */ = {isa = PBXBuildFile; fileRef = 53DE4BD1267098F300739748 /* SearchBarView.swift */; };
		53DF641E263D9C0600A7CD1A /* LibraryView.swift in Sources */ = {isa = PBXBuildFile; fileRef = 53DF641D263D9C0600A7CD1A /* LibraryView.swift */; };
		53E4E649263F725B00F67C6B /* MultiSelectorView.swift in Sources */ = {isa = PBXBuildFile; fileRef = 53E4E648263F725B00F67C6B /* MultiSelectorView.swift */; };
		53EE24E6265060780068F029 /* LibrarySearchView.swift in Sources */ = {isa = PBXBuildFile; fileRef = 53EE24E5265060780068F029 /* LibrarySearchView.swift */; };
		53F8377D265FF67C00F456B3 /* VideoPlayerSettingsView.swift in Sources */ = {isa = PBXBuildFile; fileRef = 53F8377C265FF67C00F456B3 /* VideoPlayerSettingsView.swift */; };
		53FF7F2A263CF3F500585C35 /* LatestMediaView.swift in Sources */ = {isa = PBXBuildFile; fileRef = 53FF7F29263CF3F500585C35 /* LatestMediaView.swift */; };
		62133890265F83A900A81A2A /* LibraryListView.swift in Sources */ = {isa = PBXBuildFile; fileRef = 6213388F265F83A900A81A2A /* LibraryListView.swift */; };
		621338932660107500A81A2A /* StringExtensions.swift in Sources */ = {isa = PBXBuildFile; fileRef = 621338922660107500A81A2A /* StringExtensions.swift */; };
		621338B32660A07800A81A2A /* LazyView.swift in Sources */ = {isa = PBXBuildFile; fileRef = 621338B22660A07800A81A2A /* LazyView.swift */; };
		621C638026672A30004216EA /* NukeUI in Frameworks */ = {isa = PBXBuildFile; productRef = 621C637F26672A30004216EA /* NukeUI */; };
		6225FCCB2663841E00E067F6 /* ParallaxHeader.swift in Sources */ = {isa = PBXBuildFile; fileRef = 6225FCCA2663841E00E067F6 /* ParallaxHeader.swift */; };
		6228B1C22670EB010067FD35 /* PersistenceController.swift in Sources */ = {isa = PBXBuildFile; fileRef = 5377CBFD263B596B003A4E83 /* PersistenceController.swift */; };
		625CB5682678B6FB00530A6E /* SplashView.swift in Sources */ = {isa = PBXBuildFile; fileRef = 625CB5672678B6FB00530A6E /* SplashView.swift */; };
		625CB56A2678B71200530A6E /* SplashViewModel.swift in Sources */ = {isa = PBXBuildFile; fileRef = 625CB5692678B71200530A6E /* SplashViewModel.swift */; };
		625CB56C2678C0FD00530A6E /* MainTabView.swift in Sources */ = {isa = PBXBuildFile; fileRef = 625CB56B2678C0FD00530A6E /* MainTabView.swift */; };
		625CB56F2678C23300530A6E /* HomeView.swift in Sources */ = {isa = PBXBuildFile; fileRef = 625CB56E2678C23300530A6E /* HomeView.swift */; };
		625CB5732678C32A00530A6E /* HomeViewModel.swift in Sources */ = {isa = PBXBuildFile; fileRef = 625CB5722678C32A00530A6E /* HomeViewModel.swift */; };
		625CB5752678C33500530A6E /* LibraryListViewModel.swift in Sources */ = {isa = PBXBuildFile; fileRef = 625CB5742678C33500530A6E /* LibraryListViewModel.swift */; };
		625CB5772678C34300530A6E /* ConnectToServerViewModel.swift in Sources */ = {isa = PBXBuildFile; fileRef = 625CB5762678C34300530A6E /* ConnectToServerViewModel.swift */; };
		625CB57A2678C4A400530A6E /* ActivityIndicator in Frameworks */ = {isa = PBXBuildFile; productRef = 625CB5792678C4A400530A6E /* ActivityIndicator */; };
		625CB57E2678E81E00530A6E /* TVVLCKit.xcframework in Frameworks */ = {isa = PBXBuildFile; fileRef = 625CB57D2678E81E00530A6E /* TVVLCKit.xcframework */; };
		625CB57F2678E81E00530A6E /* TVVLCKit.xcframework in Embed Frameworks */ = {isa = PBXBuildFile; fileRef = 625CB57D2678E81E00530A6E /* TVVLCKit.xcframework */; settings = {ATTRIBUTES = (CodeSignOnCopy, RemoveHeadersOnCopy, ); }; };
		6267B3D42671024A00A7371D /* APIExtensions.swift in Sources */ = {isa = PBXBuildFile; fileRef = 5364F454266CA0DC0026ECBA /* APIExtensions.swift */; };
		6267B3D626710B8900A7371D /* CollectionExtensions.swift in Sources */ = {isa = PBXBuildFile; fileRef = 6267B3D526710B8900A7371D /* CollectionExtensions.swift */; };
		6267B3D726710B9700A7371D /* CollectionExtensions.swift in Sources */ = {isa = PBXBuildFile; fileRef = 6267B3D526710B8900A7371D /* CollectionExtensions.swift */; };
		6267B3D826710B9800A7371D /* CollectionExtensions.swift in Sources */ = {isa = PBXBuildFile; fileRef = 6267B3D526710B8900A7371D /* CollectionExtensions.swift */; };
		6267B3DA2671138200A7371D /* ImageExtensions.swift in Sources */ = {isa = PBXBuildFile; fileRef = 6267B3D92671138200A7371D /* ImageExtensions.swift */; };
		6267B3DB2671139400A7371D /* ImageExtensions.swift in Sources */ = {isa = PBXBuildFile; fileRef = 6267B3D92671138200A7371D /* ImageExtensions.swift */; };
		6267B3DC2671139500A7371D /* ImageExtensions.swift in Sources */ = {isa = PBXBuildFile; fileRef = 6267B3D92671138200A7371D /* ImageExtensions.swift */; };
		628B95242670CABD0091AF3B /* SwiftUI.framework in Frameworks */ = {isa = PBXBuildFile; fileRef = 628B95232670CABD0091AF3B /* SwiftUI.framework */; };
		628B95272670CABD0091AF3B /* NextUpWidget.swift in Sources */ = {isa = PBXBuildFile; fileRef = 628B95262670CABD0091AF3B /* NextUpWidget.swift */; };
		628B95292670CABE0091AF3B /* Assets.xcassets in Resources */ = {isa = PBXBuildFile; fileRef = 628B95282670CABE0091AF3B /* Assets.xcassets */; };
		628B952D2670CABE0091AF3B /* WidgetExtension.appex in Embed App Extensions */ = {isa = PBXBuildFile; fileRef = 628B95202670CABD0091AF3B /* WidgetExtension.appex */; settings = {ATTRIBUTES = (RemoveHeadersOnCopy, ); }; };
		628B95332670CAEA0091AF3B /* NukeUI in Frameworks */ = {isa = PBXBuildFile; productRef = 628B95322670CAEA0091AF3B /* NukeUI */; };
		628B95352670CAEA0091AF3B /* JellyfinAPI in Frameworks */ = {isa = PBXBuildFile; productRef = 628B95342670CAEA0091AF3B /* JellyfinAPI */; };
		628B95372670CB800091AF3B /* JellyfinWidget.swift in Sources */ = {isa = PBXBuildFile; fileRef = 628B95362670CB800091AF3B /* JellyfinWidget.swift */; };
		628B95382670CDAB0091AF3B /* Model.xcdatamodeld in Sources */ = {isa = PBXBuildFile; fileRef = 5377CBFF263B596B003A4E83 /* Model.xcdatamodeld */; };
		628B953A2670CE250091AF3B /* KeychainSwift in Frameworks */ = {isa = PBXBuildFile; productRef = 628B95392670CE250091AF3B /* KeychainSwift */; };
		628B953C2670D2430091AF3B /* StringExtensions.swift in Sources */ = {isa = PBXBuildFile; fileRef = 621338922660107500A81A2A /* StringExtensions.swift */; };
		62E632DA267D2BC40063E547 /* LatestMediaViewModel.swift in Sources */ = {isa = PBXBuildFile; fileRef = 62E632D9267D2BC40063E547 /* LatestMediaViewModel.swift */; };
		62E632DC267D2E130063E547 /* LibrarySearchViewModel.swift in Sources */ = {isa = PBXBuildFile; fileRef = 62E632DB267D2E130063E547 /* LibrarySearchViewModel.swift */; };
		62E632DD267D2E130063E547 /* LibrarySearchViewModel.swift in Sources */ = {isa = PBXBuildFile; fileRef = 62E632DB267D2E130063E547 /* LibrarySearchViewModel.swift */; };
		62E632DE267D2E170063E547 /* LatestMediaViewModel.swift in Sources */ = {isa = PBXBuildFile; fileRef = 62E632D9267D2BC40063E547 /* LatestMediaViewModel.swift */; };
		62E632E0267D30CA0063E547 /* LibraryViewModel.swift in Sources */ = {isa = PBXBuildFile; fileRef = 62E632DF267D30CA0063E547 /* LibraryViewModel.swift */; };
		62E632E1267D30CA0063E547 /* LibraryViewModel.swift in Sources */ = {isa = PBXBuildFile; fileRef = 62E632DF267D30CA0063E547 /* LibraryViewModel.swift */; };
		62E632E3267D3BA60063E547 /* MovieItemViewModel.swift in Sources */ = {isa = PBXBuildFile; fileRef = 62E632E2267D3BA60063E547 /* MovieItemViewModel.swift */; };
		62E632E4267D3BA60063E547 /* MovieItemViewModel.swift in Sources */ = {isa = PBXBuildFile; fileRef = 62E632E2267D3BA60063E547 /* MovieItemViewModel.swift */; };
		62E632E6267D3F5B0063E547 /* EpisodeItemViewModel.swift in Sources */ = {isa = PBXBuildFile; fileRef = 62E632E5267D3F5B0063E547 /* EpisodeItemViewModel.swift */; };
		62E632E7267D3F5B0063E547 /* EpisodeItemViewModel.swift in Sources */ = {isa = PBXBuildFile; fileRef = 62E632E5267D3F5B0063E547 /* EpisodeItemViewModel.swift */; };
		62EC3527267665D8000E9F2D /* MobileVLCKit.xcframework in Frameworks */ = {isa = PBXBuildFile; fileRef = 53D5E3DC264B47EE00BADDC8 /* MobileVLCKit.xcframework */; };
		62EC3528267665D8000E9F2D /* MobileVLCKit.xcframework in Embed Frameworks */ = {isa = PBXBuildFile; fileRef = 53D5E3DC264B47EE00BADDC8 /* MobileVLCKit.xcframework */; settings = {ATTRIBUTES = (CodeSignOnCopy, RemoveHeadersOnCopy, ); }; };
		62EC352C26766675000E9F2D /* ServerEnvironment.swift in Sources */ = {isa = PBXBuildFile; fileRef = 62EC352B26766675000E9F2D /* ServerEnvironment.swift */; };
		62EC352D26766675000E9F2D /* ServerEnvironment.swift in Sources */ = {isa = PBXBuildFile; fileRef = 62EC352B26766675000E9F2D /* ServerEnvironment.swift */; };
		62EC352F267666A5000E9F2D /* SessionManager.swift in Sources */ = {isa = PBXBuildFile; fileRef = 62EC352E267666A5000E9F2D /* SessionManager.swift */; };
		62EC3530267666A5000E9F2D /* SessionManager.swift in Sources */ = {isa = PBXBuildFile; fileRef = 62EC352E267666A5000E9F2D /* SessionManager.swift */; };
		62EC353126766848000E9F2D /* ServerEnvironment.swift in Sources */ = {isa = PBXBuildFile; fileRef = 62EC352B26766675000E9F2D /* ServerEnvironment.swift */; };
		62EC353226766849000E9F2D /* SessionManager.swift in Sources */ = {isa = PBXBuildFile; fileRef = 62EC352E267666A5000E9F2D /* SessionManager.swift */; };
		62EC353426766B03000E9F2D /* DeviceRotationViewModifier.swift in Sources */ = {isa = PBXBuildFile; fileRef = 62EC353326766B03000E9F2D /* DeviceRotationViewModifier.swift */; };
		AE8C3159265D6F90008AA076 /* bitrates.json in Resources */ = {isa = PBXBuildFile; fileRef = AE8C3158265D6F90008AA076 /* bitrates.json */; };
/* End PBXBuildFile section */

/* Begin PBXContainerItemProxy section */
		628B952B2670CABE0091AF3B /* PBXContainerItemProxy */ = {
			isa = PBXContainerItemProxy;
			containerPortal = 5377CBE9263B596A003A4E83 /* Project object */;
			proxyType = 1;
			remoteGlobalIDString = 628B951F2670CABD0091AF3B;
			remoteInfo = WidgetExtensionExtension;
		};
/* End PBXContainerItemProxy section */

/* Begin PBXCopyFilesBuildPhase section */
		5302F8322658B74800647A2E /* CopyFiles */ = {
			isa = PBXCopyFilesBuildPhase;
			buildActionMask = 2147483647;
			dstPath = "";
			dstSubfolderSpec = 7;
			files = (
			);
			runOnlyForDeploymentPostprocessing = 0;
		};
		625CB5802678E81E00530A6E /* Embed Frameworks */ = {
			isa = PBXCopyFilesBuildPhase;
			buildActionMask = 2147483647;
			dstPath = "";
			dstSubfolderSpec = 10;
			files = (
				625CB57F2678E81E00530A6E /* TVVLCKit.xcframework in Embed Frameworks */,
			);
			name = "Embed Frameworks";
			runOnlyForDeploymentPostprocessing = 0;
		};
		628B95312670CABE0091AF3B /* Embed App Extensions */ = {
			isa = PBXCopyFilesBuildPhase;
			buildActionMask = 2147483647;
			dstPath = "";
			dstSubfolderSpec = 13;
			files = (
				628B952D2670CABE0091AF3B /* WidgetExtension.appex in Embed App Extensions */,
			);
			name = "Embed App Extensions";
			runOnlyForDeploymentPostprocessing = 0;
		};
		62EC3529267665D8000E9F2D /* Embed Frameworks */ = {
			isa = PBXCopyFilesBuildPhase;
			buildActionMask = 2147483647;
			dstPath = "";
			dstSubfolderSpec = 10;
			files = (
				62EC3528267665D8000E9F2D /* MobileVLCKit.xcframework in Embed Frameworks */,
			);
			name = "Embed Frameworks";
			runOnlyForDeploymentPostprocessing = 0;
		};
/* End PBXCopyFilesBuildPhase section */

/* Begin PBXFileReference section */
		531690E4267ABD5C005D8AB9 /* MainTabView.swift */ = {isa = PBXFileReference; lastKnownFileType = sourcecode.swift; path = MainTabView.swift; sourceTree = "<group>"; };
		531690E6267ABD79005D8AB9 /* HomeView.swift */ = {isa = PBXFileReference; lastKnownFileType = sourcecode.swift; path = HomeView.swift; sourceTree = "<group>"; };
		531690EB267ABF46005D8AB9 /* ContinueWatchingView.swift */ = {isa = PBXFileReference; lastKnownFileType = sourcecode.swift; path = ContinueWatchingView.swift; sourceTree = "<group>"; };
		531690EE267ABF72005D8AB9 /* NextUpView.swift */ = {isa = PBXFileReference; lastKnownFileType = sourcecode.swift; path = NextUpView.swift; sourceTree = "<group>"; };
		531690F6267ACC00005D8AB9 /* LandscapeItemElement.swift */ = {isa = PBXFileReference; lastKnownFileType = sourcecode.swift; path = LandscapeItemElement.swift; sourceTree = "<group>"; };
		531690F8267AD135005D8AB9 /* README.md */ = {isa = PBXFileReference; lastKnownFileType = net.daringfireball.markdown; path = README.md; sourceTree = "<group>"; };
		531690F9267AD6EC005D8AB9 /* PlainNavigationLinkButton.swift */ = {isa = PBXFileReference; fileEncoding = 4; lastKnownFileType = sourcecode.swift; path = PlainNavigationLinkButton.swift; sourceTree = "<group>"; };
		53192D5C265AA78A008A4215 /* DeviceProfileBuilder.swift */ = {isa = PBXFileReference; lastKnownFileType = sourcecode.swift; path = DeviceProfileBuilder.swift; sourceTree = "<group>"; };
		531AC8BE26750DE20091C7EB /* ImageView.swift */ = {isa = PBXFileReference; lastKnownFileType = sourcecode.swift; path = ImageView.swift; sourceTree = "<group>"; };
		5321753A2671BCFC005491E6 /* SettingsViewModel.swift */ = {isa = PBXFileReference; lastKnownFileType = sourcecode.swift; path = SettingsViewModel.swift; sourceTree = "<group>"; };
		53313B8F265EEA6D00947AA3 /* VideoPlayer.storyboard */ = {isa = PBXFileReference; lastKnownFileType = file.storyboard; path = VideoPlayer.storyboard; sourceTree = "<group>"; };
		5338F74D263B61370014BF09 /* ConnectToServerView.swift */ = {isa = PBXFileReference; lastKnownFileType = sourcecode.swift; path = ConnectToServerView.swift; sourceTree = "<group>"; };
		535870602669D21600D05A09 /* JellyfinPlayer tvOS.app */ = {isa = PBXFileReference; explicitFileType = wrapper.application; includeInIndex = 0; path = "JellyfinPlayer tvOS.app"; sourceTree = BUILT_PRODUCTS_DIR; };
		535870622669D21600D05A09 /* JellyfinPlayer_tvOSApp.swift */ = {isa = PBXFileReference; lastKnownFileType = sourcecode.swift; path = JellyfinPlayer_tvOSApp.swift; sourceTree = "<group>"; };
		535870662669D21700D05A09 /* Assets.xcassets */ = {isa = PBXFileReference; lastKnownFileType = folder.assetcatalog; path = Assets.xcassets; sourceTree = "<group>"; };
		535870692669D21700D05A09 /* Preview Assets.xcassets */ = {isa = PBXFileReference; lastKnownFileType = folder.assetcatalog; path = "Preview Assets.xcassets"; sourceTree = "<group>"; };
		5358706B2669D21700D05A09 /* PersistenceController.swift */ = {isa = PBXFileReference; lastKnownFileType = sourcecode.swift; path = PersistenceController.swift; sourceTree = "<group>"; };
		535870702669D21700D05A09 /* Info.plist */ = {isa = PBXFileReference; lastKnownFileType = text.plist.xml; path = Info.plist; sourceTree = "<group>"; };
		535870AC2669D8DD00D05A09 /* Typings.swift */ = {isa = PBXFileReference; lastKnownFileType = sourcecode.swift; path = Typings.swift; sourceTree = "<group>"; };
		535BAE9E2649E569005FA86D /* ItemView.swift */ = {isa = PBXFileReference; lastKnownFileType = sourcecode.swift; path = ItemView.swift; sourceTree = "<group>"; };
		535BAEA4264A151C005FA86D /* VideoPlayer.swift */ = {isa = PBXFileReference; lastKnownFileType = sourcecode.swift; path = VideoPlayer.swift; sourceTree = "<group>"; };
		5364F454266CA0DC0026ECBA /* APIExtensions.swift */ = {isa = PBXFileReference; lastKnownFileType = sourcecode.swift; path = APIExtensions.swift; sourceTree = "<group>"; };
		536D3D73267BA8170004248C /* BackgroundManager.swift */ = {isa = PBXFileReference; lastKnownFileType = sourcecode.swift; path = BackgroundManager.swift; sourceTree = "<group>"; };
		536D3D75267BA9BB0004248C /* MainTabViewModel.swift */ = {isa = PBXFileReference; lastKnownFileType = sourcecode.swift; path = MainTabViewModel.swift; sourceTree = "<group>"; };
		536D3D7E267BDF100004248C /* LatestMediaView.swift */ = {isa = PBXFileReference; lastKnownFileType = sourcecode.swift; path = LatestMediaView.swift; sourceTree = "<group>"; };
		536D3D80267BDFC60004248C /* PortraitItemElement.swift */ = {isa = PBXFileReference; lastKnownFileType = sourcecode.swift; path = PortraitItemElement.swift; sourceTree = "<group>"; };
		536D3D87267C17350004248C /* PublicUserButton.swift */ = {isa = PBXFileReference; lastKnownFileType = sourcecode.swift; path = PublicUserButton.swift; sourceTree = "<group>"; };
		5377CBF1263B596A003A4E83 /* JellyfinPlayer iOS.app */ = {isa = PBXFileReference; explicitFileType = wrapper.application; includeInIndex = 0; path = "JellyfinPlayer iOS.app"; sourceTree = BUILT_PRODUCTS_DIR; };
		5377CBF4263B596A003A4E83 /* JellyfinPlayerApp.swift */ = {isa = PBXFileReference; lastKnownFileType = sourcecode.swift; path = JellyfinPlayerApp.swift; sourceTree = "<group>"; };
		5377CBF8263B596B003A4E83 /* Assets.xcassets */ = {isa = PBXFileReference; lastKnownFileType = folder.assetcatalog; path = Assets.xcassets; sourceTree = "<group>"; };
		5377CBFB263B596B003A4E83 /* Preview Assets.xcassets */ = {isa = PBXFileReference; lastKnownFileType = folder.assetcatalog; path = "Preview Assets.xcassets"; sourceTree = "<group>"; };
		5377CBFD263B596B003A4E83 /* PersistenceController.swift */ = {isa = PBXFileReference; lastKnownFileType = sourcecode.swift; path = PersistenceController.swift; sourceTree = "<group>"; };
		5377CC00263B596B003A4E83 /* JellyfinPlayer.xcdatamodel */ = {isa = PBXFileReference; explicitFileType = wrapper.xcdatamodel; path = JellyfinPlayer.xcdatamodel; sourceTree = "<group>"; };
		5377CC02263B596B003A4E83 /* Info.plist */ = {isa = PBXFileReference; lastKnownFileType = text.plist.xml; path = Info.plist; sourceTree = "<group>"; };
		5389276D263C25100035E14B /* ContinueWatchingView.swift */ = {isa = PBXFileReference; lastKnownFileType = sourcecode.swift; path = ContinueWatchingView.swift; sourceTree = "<group>"; };
		5389276F263C25230035E14B /* NextUpView.swift */ = {isa = PBXFileReference; lastKnownFileType = sourcecode.swift; path = NextUpView.swift; sourceTree = "<group>"; };
		53892771263C8C6F0035E14B /* LoadingView.swift */ = {isa = PBXFileReference; lastKnownFileType = sourcecode.swift; path = LoadingView.swift; sourceTree = "<group>"; };
		5389277B263CC3DB0035E14B /* BlurHashDecode.swift */ = {isa = PBXFileReference; lastKnownFileType = sourcecode.swift; path = BlurHashDecode.swift; sourceTree = "<group>"; };
		53987CA326572C1300E7EA70 /* SeasonItemView.swift */ = {isa = PBXFileReference; lastKnownFileType = sourcecode.swift; path = SeasonItemView.swift; sourceTree = "<group>"; };
		53987CA526572F0700E7EA70 /* SeriesItemView.swift */ = {isa = PBXFileReference; lastKnownFileType = sourcecode.swift; path = SeriesItemView.swift; sourceTree = "<group>"; };
		53987CA72657424A00E7EA70 /* EpisodeItemView.swift */ = {isa = PBXFileReference; lastKnownFileType = sourcecode.swift; path = EpisodeItemView.swift; sourceTree = "<group>"; };
		539B2DA4263BA5B8007FF1A4 /* SettingsView.swift */ = {isa = PBXFileReference; lastKnownFileType = sourcecode.swift; path = SettingsView.swift; sourceTree = "<group>"; };
		53A089CF264DA9DA00D57806 /* MovieItemView.swift */ = {isa = PBXFileReference; lastKnownFileType = sourcecode.swift; path = MovieItemView.swift; sourceTree = "<group>"; };
		53ABFDDA267972BF00886593 /* JellyfinPlayer tvOS.entitlements */ = {isa = PBXFileReference; lastKnownFileType = text.plist.entitlements; path = "JellyfinPlayer tvOS.entitlements"; sourceTree = "<group>"; };
		53ABFDDB267972BF00886593 /* TVServices.framework */ = {isa = PBXFileReference; lastKnownFileType = wrapper.framework; name = TVServices.framework; path = Platforms/AppleTVOS.platform/Developer/SDKs/AppleTVOS15.0.sdk/System/Library/Frameworks/TVServices.framework; sourceTree = DEVELOPER_DIR; };
		53ABFDDD267974E300886593 /* SplashView.swift */ = {isa = PBXFileReference; lastKnownFileType = sourcecode.swift; path = SplashView.swift; sourceTree = "<group>"; };
		53ABFDEA2679753200886593 /* ConnectToServerView.swift */ = {isa = PBXFileReference; lastKnownFileType = sourcecode.swift; path = ConnectToServerView.swift; sourceTree = "<group>"; };
		53AD124C2670278D0094A276 /* JellyfinPlayer.entitlements */ = {isa = PBXFileReference; fileEncoding = 4; lastKnownFileType = text.plist.entitlements; path = JellyfinPlayer.entitlements; sourceTree = "<group>"; };
		53D5E3DA264B460200BADDC8 /* Cartfile */ = {isa = PBXFileReference; lastKnownFileType = text; path = Cartfile; sourceTree = "<group>"; };
		53D5E3DC264B47EE00BADDC8 /* MobileVLCKit.xcframework */ = {isa = PBXFileReference; lastKnownFileType = wrapper.xcframework; name = MobileVLCKit.xcframework; path = Carthage/Build/MobileVLCKit.xcframework; sourceTree = "<group>"; };
		53DE4BD1267098F300739748 /* SearchBarView.swift */ = {isa = PBXFileReference; lastKnownFileType = sourcecode.swift; path = SearchBarView.swift; sourceTree = "<group>"; };
		53DF641D263D9C0600A7CD1A /* LibraryView.swift */ = {isa = PBXFileReference; lastKnownFileType = sourcecode.swift; path = LibraryView.swift; sourceTree = "<group>"; };
		53E4E646263F6CF100F67C6B /* LibraryFilterView.swift */ = {isa = PBXFileReference; lastKnownFileType = sourcecode.swift; path = LibraryFilterView.swift; sourceTree = "<group>"; };
		53E4E648263F725B00F67C6B /* MultiSelectorView.swift */ = {isa = PBXFileReference; lastKnownFileType = sourcecode.swift; path = MultiSelectorView.swift; sourceTree = "<group>"; };
		53EE24E5265060780068F029 /* LibrarySearchView.swift */ = {isa = PBXFileReference; lastKnownFileType = sourcecode.swift; path = LibrarySearchView.swift; sourceTree = "<group>"; };
		53F8377C265FF67C00F456B3 /* VideoPlayerSettingsView.swift */ = {isa = PBXFileReference; lastKnownFileType = sourcecode.swift; path = VideoPlayerSettingsView.swift; sourceTree = "<group>"; };
		53FF7F29263CF3F500585C35 /* LatestMediaView.swift */ = {isa = PBXFileReference; lastKnownFileType = sourcecode.swift; path = LatestMediaView.swift; sourceTree = "<group>"; };
		6213388F265F83A900A81A2A /* LibraryListView.swift */ = {isa = PBXFileReference; lastKnownFileType = sourcecode.swift; path = LibraryListView.swift; sourceTree = "<group>"; };
		621338922660107500A81A2A /* StringExtensions.swift */ = {isa = PBXFileReference; lastKnownFileType = sourcecode.swift; path = StringExtensions.swift; sourceTree = "<group>"; };
		621338B22660A07800A81A2A /* LazyView.swift */ = {isa = PBXFileReference; lastKnownFileType = sourcecode.swift; path = LazyView.swift; sourceTree = "<group>"; };
		6225FCCA2663841E00E067F6 /* ParallaxHeader.swift */ = {isa = PBXFileReference; lastKnownFileType = sourcecode.swift; path = ParallaxHeader.swift; sourceTree = "<group>"; };
		625CB5672678B6FB00530A6E /* SplashView.swift */ = {isa = PBXFileReference; lastKnownFileType = sourcecode.swift; path = SplashView.swift; sourceTree = "<group>"; };
		625CB5692678B71200530A6E /* SplashViewModel.swift */ = {isa = PBXFileReference; lastKnownFileType = sourcecode.swift; path = SplashViewModel.swift; sourceTree = "<group>"; };
		625CB56B2678C0FD00530A6E /* MainTabView.swift */ = {isa = PBXFileReference; lastKnownFileType = sourcecode.swift; path = MainTabView.swift; sourceTree = "<group>"; };
		625CB56E2678C23300530A6E /* HomeView.swift */ = {isa = PBXFileReference; lastKnownFileType = sourcecode.swift; path = HomeView.swift; sourceTree = "<group>"; };
		625CB5722678C32A00530A6E /* HomeViewModel.swift */ = {isa = PBXFileReference; lastKnownFileType = sourcecode.swift; path = HomeViewModel.swift; sourceTree = "<group>"; };
		625CB5742678C33500530A6E /* LibraryListViewModel.swift */ = {isa = PBXFileReference; lastKnownFileType = sourcecode.swift; path = LibraryListViewModel.swift; sourceTree = "<group>"; };
		625CB5762678C34300530A6E /* ConnectToServerViewModel.swift */ = {isa = PBXFileReference; lastKnownFileType = sourcecode.swift; path = ConnectToServerViewModel.swift; sourceTree = "<group>"; };
		625CB57B2678CE1000530A6E /* ViewModel.swift */ = {isa = PBXFileReference; lastKnownFileType = sourcecode.swift; path = ViewModel.swift; sourceTree = "<group>"; };
		625CB57D2678E81E00530A6E /* TVVLCKit.xcframework */ = {isa = PBXFileReference; lastKnownFileType = wrapper.xcframework; name = TVVLCKit.xcframework; path = Carthage/Build/TVVLCKit.xcframework; sourceTree = "<group>"; };
		6267B3D526710B8900A7371D /* CollectionExtensions.swift */ = {isa = PBXFileReference; lastKnownFileType = sourcecode.swift; path = CollectionExtensions.swift; sourceTree = "<group>"; };
		6267B3D92671138200A7371D /* ImageExtensions.swift */ = {isa = PBXFileReference; lastKnownFileType = sourcecode.swift; path = ImageExtensions.swift; sourceTree = "<group>"; };
		628B95202670CABD0091AF3B /* WidgetExtension.appex */ = {isa = PBXFileReference; explicitFileType = "wrapper.app-extension"; includeInIndex = 0; path = WidgetExtension.appex; sourceTree = BUILT_PRODUCTS_DIR; };
		628B95212670CABD0091AF3B /* WidgetKit.framework */ = {isa = PBXFileReference; lastKnownFileType = wrapper.framework; name = WidgetKit.framework; path = System/Library/Frameworks/WidgetKit.framework; sourceTree = SDKROOT; };
		628B95232670CABD0091AF3B /* SwiftUI.framework */ = {isa = PBXFileReference; lastKnownFileType = wrapper.framework; name = SwiftUI.framework; path = System/Library/Frameworks/SwiftUI.framework; sourceTree = SDKROOT; };
		628B95262670CABD0091AF3B /* NextUpWidget.swift */ = {isa = PBXFileReference; lastKnownFileType = sourcecode.swift; path = NextUpWidget.swift; sourceTree = "<group>"; };
		628B95282670CABE0091AF3B /* Assets.xcassets */ = {isa = PBXFileReference; lastKnownFileType = folder.assetcatalog; path = Assets.xcassets; sourceTree = "<group>"; };
		628B952A2670CABE0091AF3B /* Info.plist */ = {isa = PBXFileReference; lastKnownFileType = text.plist.xml; path = Info.plist; sourceTree = "<group>"; };
		628B95362670CB800091AF3B /* JellyfinWidget.swift */ = {isa = PBXFileReference; lastKnownFileType = sourcecode.swift; path = JellyfinWidget.swift; sourceTree = "<group>"; };
		628B953B2670D1FC0091AF3B /* WidgetExtension.entitlements */ = {isa = PBXFileReference; lastKnownFileType = text.plist.entitlements; path = WidgetExtension.entitlements; sourceTree = "<group>"; };
		62E632D9267D2BC40063E547 /* LatestMediaViewModel.swift */ = {isa = PBXFileReference; lastKnownFileType = sourcecode.swift; path = LatestMediaViewModel.swift; sourceTree = "<group>"; };
		62E632DB267D2E130063E547 /* LibrarySearchViewModel.swift */ = {isa = PBXFileReference; lastKnownFileType = sourcecode.swift; path = LibrarySearchViewModel.swift; sourceTree = "<group>"; };
		62E632DF267D30CA0063E547 /* LibraryViewModel.swift */ = {isa = PBXFileReference; lastKnownFileType = sourcecode.swift; path = LibraryViewModel.swift; sourceTree = "<group>"; };
		62E632E2267D3BA60063E547 /* MovieItemViewModel.swift */ = {isa = PBXFileReference; lastKnownFileType = sourcecode.swift; path = MovieItemViewModel.swift; sourceTree = "<group>"; };
		62E632E5267D3F5B0063E547 /* EpisodeItemViewModel.swift */ = {isa = PBXFileReference; fileEncoding = 4; lastKnownFileType = sourcecode.swift; path = EpisodeItemViewModel.swift; sourceTree = "<group>"; };
		62EC352B26766675000E9F2D /* ServerEnvironment.swift */ = {isa = PBXFileReference; lastKnownFileType = sourcecode.swift; path = ServerEnvironment.swift; sourceTree = "<group>"; };
		62EC352E267666A5000E9F2D /* SessionManager.swift */ = {isa = PBXFileReference; lastKnownFileType = sourcecode.swift; path = SessionManager.swift; sourceTree = "<group>"; };
		62EC353326766B03000E9F2D /* DeviceRotationViewModifier.swift */ = {isa = PBXFileReference; lastKnownFileType = sourcecode.swift; path = DeviceRotationViewModifier.swift; sourceTree = "<group>"; };
		AE8C3158265D6F90008AA076 /* bitrates.json */ = {isa = PBXFileReference; lastKnownFileType = text.json; path = bitrates.json; sourceTree = "<group>"; };
/* End PBXFileReference section */

/* Begin PBXFrameworksBuildPhase section */
		5358705D2669D21600D05A09 /* Frameworks */ = {
			isa = PBXFrameworksBuildPhase;
			buildActionMask = 2147483647;
			files = (
				53A431BF266B0FFE0016769F /* JellyfinAPI in Frameworks */,
				535870912669D7A800D05A09 /* Introspect in Frameworks */,
				625CB57E2678E81E00530A6E /* TVVLCKit.xcframework in Frameworks */,
				5358708D2669D7A800D05A09 /* KeychainSwift in Frameworks */,
				536D3D84267BEA550004248C /* ParallaxView in Frameworks */,
				53ABFDDC267972BF00886593 /* TVServices.framework in Frameworks */,
				5358709B2669D7A800D05A09 /* NukeUI in Frameworks */,
				53ABFDED26799D7700886593 /* ActivityIndicator in Frameworks */,
			);
			runOnlyForDeploymentPostprocessing = 0;
		};
		5377CBEE263B596A003A4E83 /* Frameworks */ = {
			isa = PBXFrameworksBuildPhase;
			buildActionMask = 2147483647;
			files = (
				5338F757263B7E2E0014BF09 /* KeychainSwift in Frameworks */,
				53352571265EA0A0006CCA86 /* Introspect in Frameworks */,
				621C638026672A30004216EA /* NukeUI in Frameworks */,
				625CB57A2678C4A400530A6E /* ActivityIndicator in Frameworks */,
				53A431BD266B0FF20016769F /* JellyfinAPI in Frameworks */,
				62EC3527267665D8000E9F2D /* MobileVLCKit.xcframework in Frameworks */,
			);
			runOnlyForDeploymentPostprocessing = 0;
		};
		628B951D2670CABD0091AF3B /* Frameworks */ = {
			isa = PBXFrameworksBuildPhase;
			buildActionMask = 2147483647;
			files = (
				628B95332670CAEA0091AF3B /* NukeUI in Frameworks */,
				628B95242670CABD0091AF3B /* SwiftUI.framework in Frameworks */,
				531ABF6C2671F5CC00C0FE20 /* WidgetKit.framework in Frameworks */,
				536D3D7D267BD5F90004248C /* ActivityIndicator in Frameworks */,
				628B953A2670CE250091AF3B /* KeychainSwift in Frameworks */,
				628B95352670CAEA0091AF3B /* JellyfinAPI in Frameworks */,
			);
			runOnlyForDeploymentPostprocessing = 0;
		};
/* End PBXFrameworksBuildPhase section */

/* Begin PBXGroup section */
		532175392671BCED005491E6 /* ViewModels */ = {
			isa = PBXGroup;
			children = (
				5321753A2671BCFC005491E6 /* SettingsViewModel.swift */,
				625CB5692678B71200530A6E /* SplashViewModel.swift */,
				625CB5722678C32A00530A6E /* HomeViewModel.swift */,
				625CB5742678C33500530A6E /* LibraryListViewModel.swift */,
				625CB5762678C34300530A6E /* ConnectToServerViewModel.swift */,
				625CB57B2678CE1000530A6E /* ViewModel.swift */,
				536D3D75267BA9BB0004248C /* MainTabViewModel.swift */,
				62E632D9267D2BC40063E547 /* LatestMediaViewModel.swift */,
				62E632DB267D2E130063E547 /* LibrarySearchViewModel.swift */,
				62E632DF267D30CA0063E547 /* LibraryViewModel.swift */,
				62E632E2267D3BA60063E547 /* MovieItemViewModel.swift */,
				62E632E5267D3F5B0063E547 /* EpisodeItemViewModel.swift */,
			);
			path = ViewModels;
			sourceTree = "<group>";
		};
		535870612669D21600D05A09 /* JellyfinPlayer tvOS */ = {
			isa = PBXGroup;
			children = (
				536D3D77267BB9650004248C /* Components */,
				53ABFDDA267972BF00886593 /* JellyfinPlayer tvOS.entitlements */,
				531690F9267AD6EC005D8AB9 /* PlainNavigationLinkButton.swift */,
				535870622669D21600D05A09 /* JellyfinPlayer_tvOSApp.swift */,
				535870662669D21700D05A09 /* Assets.xcassets */,
				5358706B2669D21700D05A09 /* PersistenceController.swift */,
				535870702669D21700D05A09 /* Info.plist */,
				535870682669D21700D05A09 /* Preview Content */,
				53ABFDDD267974E300886593 /* SplashView.swift */,
				531690EB267ABF46005D8AB9 /* ContinueWatchingView.swift */,
				531690EE267ABF72005D8AB9 /* NextUpView.swift */,
				53ABFDEA2679753200886593 /* ConnectToServerView.swift */,
				531690E4267ABD5C005D8AB9 /* MainTabView.swift */,
				531690E6267ABD79005D8AB9 /* HomeView.swift */,
				531690F8267AD135005D8AB9 /* README.md */,
				536D3D7E267BDF100004248C /* LatestMediaView.swift */,
			);
			path = "JellyfinPlayer tvOS";
			sourceTree = "<group>";
		};
		535870682669D21700D05A09 /* Preview Content */ = {
			isa = PBXGroup;
			children = (
				535870692669D21700D05A09 /* Preview Assets.xcassets */,
			);
			path = "Preview Content";
			sourceTree = "<group>";
		};
		535870752669D60C00D05A09 /* Shared */ = {
			isa = PBXGroup;
			children = (
				62EC352A26766657000E9F2D /* Singleton */,
				532175392671BCED005491E6 /* ViewModels */,
				621338912660106C00A81A2A /* Extensions */,
				AE8C3157265D6F5E008AA076 /* Resources */,
				535870AB2669D8D300D05A09 /* Typings */,
			);
			path = Shared;
			sourceTree = "<group>";
		};
		535870AB2669D8D300D05A09 /* Typings */ = {
			isa = PBXGroup;
			children = (
				535870AC2669D8DD00D05A09 /* Typings.swift */,
			);
			path = Typings;
			sourceTree = "<group>";
		};
		536D3D77267BB9650004248C /* Components */ = {
			isa = PBXGroup;
			children = (
				531690F6267ACC00005D8AB9 /* LandscapeItemElement.swift */,
				536D3D80267BDFC60004248C /* PortraitItemElement.swift */,
				536D3D87267C17350004248C /* PublicUserButton.swift */,
			);
			path = Components;
			sourceTree = "<group>";
		};
		5377CBE8263B596A003A4E83 = {
			isa = PBXGroup;
			children = (
				53D5E3DA264B460200BADDC8 /* Cartfile */,
				53D5E3DB264B47EE00BADDC8 /* Frameworks */,
				5377CBF3263B596A003A4E83 /* JellyfinPlayer */,
				535870612669D21600D05A09 /* JellyfinPlayer tvOS */,
				5377CBF2263B596A003A4E83 /* Products */,
				535870752669D60C00D05A09 /* Shared */,
				628B95252670CABD0091AF3B /* WidgetExtension */,
			);
			sourceTree = "<group>";
		};
		5377CBF2263B596A003A4E83 /* Products */ = {
			isa = PBXGroup;
			children = (
				5377CBF1263B596A003A4E83 /* JellyfinPlayer iOS.app */,
				535870602669D21600D05A09 /* JellyfinPlayer tvOS.app */,
				628B95202670CABD0091AF3B /* WidgetExtension.appex */,
			);
			name = Products;
			sourceTree = "<group>";
		};
		5377CBF3263B596A003A4E83 /* JellyfinPlayer */ = {
			isa = PBXGroup;
			children = (
				53AD124C2670278D0094A276 /* JellyfinPlayer.entitlements */,
				5377CBF8263B596B003A4E83 /* Assets.xcassets */,
				5338F74D263B61370014BF09 /* ConnectToServerView.swift */,
				5389276D263C25100035E14B /* ContinueWatchingView.swift */,
				53192D5C265AA78A008A4215 /* DeviceProfileBuilder.swift */,
				53987CA72657424A00E7EA70 /* EpisodeItemView.swift */,
				5377CC02263B596B003A4E83 /* Info.plist */,
				535BAE9E2649E569005FA86D /* ItemView.swift */,
				5377CBF4263B596A003A4E83 /* JellyfinPlayerApp.swift */,
				53FF7F29263CF3F500585C35 /* LatestMediaView.swift */,
				53E4E646263F6CF100F67C6B /* LibraryFilterView.swift */,
				6213388F265F83A900A81A2A /* LibraryListView.swift */,
				53EE24E5265060780068F029 /* LibrarySearchView.swift */,
				53DF641D263D9C0600A7CD1A /* LibraryView.swift */,
				53892771263C8C6F0035E14B /* LoadingView.swift */,
				53A089CF264DA9DA00D57806 /* MovieItemView.swift */,
				5389276F263C25230035E14B /* NextUpView.swift */,
				5377CBFD263B596B003A4E83 /* PersistenceController.swift */,
				5377CBFA263B596B003A4E83 /* Preview Content */,
				53987CA326572C1300E7EA70 /* SeasonItemView.swift */,
				53987CA526572F0700E7EA70 /* SeriesItemView.swift */,
				539B2DA4263BA5B8007FF1A4 /* SettingsView.swift */,
				535BAEA4264A151C005FA86D /* VideoPlayer.swift */,
				53313B8F265EEA6D00947AA3 /* VideoPlayer.storyboard */,
				53F8377C265FF67C00F456B3 /* VideoPlayerSettingsView.swift */,
				53DE4BD1267098F300739748 /* SearchBarView.swift */,
				625CB5672678B6FB00530A6E /* SplashView.swift */,
				625CB56B2678C0FD00530A6E /* MainTabView.swift */,
				625CB56E2678C23300530A6E /* HomeView.swift */,
			);
			path = JellyfinPlayer;
			sourceTree = "<group>";
		};
		5377CBFA263B596B003A4E83 /* Preview Content */ = {
			isa = PBXGroup;
			children = (
				5377CBFB263B596B003A4E83 /* Preview Assets.xcassets */,
			);
			path = "Preview Content";
			sourceTree = "<group>";
		};
		53D5E3DB264B47EE00BADDC8 /* Frameworks */ = {
			isa = PBXGroup;
			children = (
				53ABFDDB267972BF00886593 /* TVServices.framework */,
				625CB57D2678E81E00530A6E /* TVVLCKit.xcframework */,
				53D5E3DC264B47EE00BADDC8 /* MobileVLCKit.xcframework */,
				628B95212670CABD0091AF3B /* WidgetKit.framework */,
				628B95232670CABD0091AF3B /* SwiftUI.framework */,
			);
			name = Frameworks;
			sourceTree = "<group>";
		};
		621338912660106C00A81A2A /* Extensions */ = {
			isa = PBXGroup;
			children = (
				531AC8BE26750DE20091C7EB /* ImageView.swift */,
				5364F454266CA0DC0026ECBA /* APIExtensions.swift */,
				5389277B263CC3DB0035E14B /* BlurHashDecode.swift */,
				621338B22660A07800A81A2A /* LazyView.swift */,
				53E4E648263F725B00F67C6B /* MultiSelectorView.swift */,
				6225FCCA2663841E00E067F6 /* ParallaxHeader.swift */,
				621338922660107500A81A2A /* StringExtensions.swift */,
				6267B3D526710B8900A7371D /* CollectionExtensions.swift */,
				6267B3D92671138200A7371D /* ImageExtensions.swift */,
				62EC353326766B03000E9F2D /* DeviceRotationViewModifier.swift */,
			);
			path = Extensions;
			sourceTree = "<group>";
		};
		628B95252670CABD0091AF3B /* WidgetExtension */ = {
			isa = PBXGroup;
			children = (
				628B953B2670D1FC0091AF3B /* WidgetExtension.entitlements */,
				628B95362670CB800091AF3B /* JellyfinWidget.swift */,
				628B95262670CABD0091AF3B /* NextUpWidget.swift */,
				628B95282670CABE0091AF3B /* Assets.xcassets */,
				628B952A2670CABE0091AF3B /* Info.plist */,
			);
			path = WidgetExtension;
			sourceTree = "<group>";
		};
		62EC352A26766657000E9F2D /* Singleton */ = {
			isa = PBXGroup;
			children = (
				62EC352B26766675000E9F2D /* ServerEnvironment.swift */,
				62EC352E267666A5000E9F2D /* SessionManager.swift */,
				536D3D73267BA8170004248C /* BackgroundManager.swift */,
			);
			path = Singleton;
			sourceTree = "<group>";
		};
		AE8C3157265D6F5E008AA076 /* Resources */ = {
			isa = PBXGroup;
			children = (
				AE8C3158265D6F90008AA076 /* bitrates.json */,
				5377CBFF263B596B003A4E83 /* Model.xcdatamodeld */,
			);
			path = Resources;
			sourceTree = "<group>";
		};
/* End PBXGroup section */

/* Begin PBXNativeTarget section */
		5358705F2669D21600D05A09 /* JellyfinPlayer tvOS */ = {
			isa = PBXNativeTarget;
			buildConfigurationList = 535870712669D21700D05A09 /* Build configuration list for PBXNativeTarget "JellyfinPlayer tvOS" */;
			buildPhases = (
				5358705C2669D21600D05A09 /* Sources */,
				5358705D2669D21600D05A09 /* Frameworks */,
				5358705E2669D21600D05A09 /* Resources */,
				625CB5802678E81E00530A6E /* Embed Frameworks */,
			);
			buildRules = (
			);
			dependencies = (
			);
			name = "JellyfinPlayer tvOS";
			packageProductDependencies = (
				5358708C2669D7A800D05A09 /* KeychainSwift */,
				535870902669D7A800D05A09 /* Introspect */,
				5358709A2669D7A800D05A09 /* NukeUI */,
				53A431BE266B0FFE0016769F /* JellyfinAPI */,
				53ABFDEC26799D7700886593 /* ActivityIndicator */,
				536D3D83267BEA550004248C /* ParallaxView */,
			);
			productName = "JellyfinPlayer tvOS";
			productReference = 535870602669D21600D05A09 /* JellyfinPlayer tvOS.app */;
			productType = "com.apple.product-type.application";
		};
		5377CBF0263B596A003A4E83 /* JellyfinPlayer iOS */ = {
			isa = PBXNativeTarget;
			buildConfigurationList = 5377CC1B263B596B003A4E83 /* Build configuration list for PBXNativeTarget "JellyfinPlayer iOS" */;
			buildPhases = (
				5377CBED263B596A003A4E83 /* Sources */,
				5377CBEE263B596A003A4E83 /* Frameworks */,
				5377CBEF263B596A003A4E83 /* Resources */,
				5302F8322658B74800647A2E /* CopyFiles */,
				628B95312670CABE0091AF3B /* Embed App Extensions */,
				62EC3529267665D8000E9F2D /* Embed Frameworks */,
			);
			buildRules = (
			);
			dependencies = (
				628B952C2670CABE0091AF3B /* PBXTargetDependency */,
			);
			name = "JellyfinPlayer iOS";
			packageProductDependencies = (
				5338F756263B7E2E0014BF09 /* KeychainSwift */,
				53352570265EA0A0006CCA86 /* Introspect */,
				621C637F26672A30004216EA /* NukeUI */,
				53A431BC266B0FF20016769F /* JellyfinAPI */,
				625CB5792678C4A400530A6E /* ActivityIndicator */,
			);
			productName = JellyfinPlayer;
			productReference = 5377CBF1263B596A003A4E83 /* JellyfinPlayer iOS.app */;
			productType = "com.apple.product-type.application";
		};
		628B951F2670CABD0091AF3B /* WidgetExtension */ = {
			isa = PBXNativeTarget;
			buildConfigurationList = 628B952E2670CABE0091AF3B /* Build configuration list for PBXNativeTarget "WidgetExtension" */;
			buildPhases = (
				628B951C2670CABD0091AF3B /* Sources */,
				628B951D2670CABD0091AF3B /* Frameworks */,
				628B951E2670CABD0091AF3B /* Resources */,
			);
			buildRules = (
			);
			dependencies = (
			);
			name = WidgetExtension;
			packageProductDependencies = (
				628B95322670CAEA0091AF3B /* NukeUI */,
				628B95342670CAEA0091AF3B /* JellyfinAPI */,
				628B95392670CE250091AF3B /* KeychainSwift */,
				536D3D7C267BD5F90004248C /* ActivityIndicator */,
			);
			productName = WidgetExtensionExtension;
			productReference = 628B95202670CABD0091AF3B /* WidgetExtension.appex */;
			productType = "com.apple.product-type.app-extension";
		};
/* End PBXNativeTarget section */

/* Begin PBXProject section */
		5377CBE9263B596A003A4E83 /* Project object */ = {
			isa = PBXProject;
			attributes = {
				KnownAssetTags = (
					New,
				);
				LastSwiftUpdateCheck = 1250;
				LastUpgradeCheck = 1250;
				TargetAttributes = {
					5358705F2669D21600D05A09 = {
						CreatedOnToolsVersion = 12.5;
					};
					5377CBF0263B596A003A4E83 = {
						CreatedOnToolsVersion = 12.5;
					};
					628B951F2670CABD0091AF3B = {
						CreatedOnToolsVersion = 12.5;
					};
				};
			};
			buildConfigurationList = 5377CBEC263B596A003A4E83 /* Build configuration list for PBXProject "JellyfinPlayer" */;
			compatibilityVersion = "Xcode 9.3";
			developmentRegion = en;
			hasScannedForEncodings = 0;
			knownRegions = (
				en,
				Base,
			);
			mainGroup = 5377CBE8263B596A003A4E83;
			packageReferences = (
				5338F755263B7E2E0014BF09 /* XCRemoteSwiftPackageReference "keychain-swift" */,
				5335256F265EA0A0006CCA86 /* XCRemoteSwiftPackageReference "SwiftUI-Introspect" */,
				621C637E26672A30004216EA /* XCRemoteSwiftPackageReference "NukeUI" */,
				53A431BB266B0FF20016769F /* XCRemoteSwiftPackageReference "jellyfin-sdk-swift" */,
				625CB5782678C4A400530A6E /* XCRemoteSwiftPackageReference "ActivityIndicator" */,
				536D3D82267BEA550004248C /* XCRemoteSwiftPackageReference "ParallaxView" */,
			);
			productRefGroup = 5377CBF2263B596A003A4E83 /* Products */;
			projectDirPath = "";
			projectRoot = "";
			targets = (
				5377CBF0263B596A003A4E83 /* JellyfinPlayer iOS */,
				5358705F2669D21600D05A09 /* JellyfinPlayer tvOS */,
				628B951F2670CABD0091AF3B /* WidgetExtension */,
			);
		};
/* End PBXProject section */

/* Begin PBXResourcesBuildPhase section */
		5358705E2669D21600D05A09 /* Resources */ = {
			isa = PBXResourcesBuildPhase;
			buildActionMask = 2147483647;
			files = (
				5358706A2669D21700D05A09 /* Preview Assets.xcassets in Resources */,
				535870672669D21700D05A09 /* Assets.xcassets in Resources */,
				5358707E2669D64F00D05A09 /* bitrates.json in Resources */,
			);
			runOnlyForDeploymentPostprocessing = 0;
		};
		5377CBEF263B596A003A4E83 /* Resources */ = {
			isa = PBXResourcesBuildPhase;
			buildActionMask = 2147483647;
			files = (
				5377CBFC263B596B003A4E83 /* Preview Assets.xcassets in Resources */,
				53313B90265EEA6D00947AA3 /* VideoPlayer.storyboard in Resources */,
				AE8C3159265D6F90008AA076 /* bitrates.json in Resources */,
				5377CBF9263B596B003A4E83 /* Assets.xcassets in Resources */,
			);
			runOnlyForDeploymentPostprocessing = 0;
		};
		628B951E2670CABD0091AF3B /* Resources */ = {
			isa = PBXResourcesBuildPhase;
			buildActionMask = 2147483647;
			files = (
				628B95292670CABE0091AF3B /* Assets.xcassets in Resources */,
			);
			runOnlyForDeploymentPostprocessing = 0;
		};
/* End PBXResourcesBuildPhase section */

/* Begin PBXSourcesBuildPhase section */
		5358705C2669D21600D05A09 /* Sources */ = {
			isa = PBXSourcesBuildPhase;
			buildActionMask = 2147483647;
			files = (
				6267B3DC2671139500A7371D /* ImageExtensions.swift in Sources */,
				53ABFDE9267974EF00886593 /* HomeViewModel.swift in Sources */,
				62EC352D26766675000E9F2D /* ServerEnvironment.swift in Sources */,
				531690E7267ABD79005D8AB9 /* HomeView.swift in Sources */,
				53ABFDDE267974E300886593 /* SplashView.swift in Sources */,
				53ABFDE8267974EF00886593 /* SplashViewModel.swift in Sources */,
				62E632DE267D2E170063E547 /* LatestMediaViewModel.swift in Sources */,
				536D3D88267C17350004248C /* PublicUserButton.swift in Sources */,
				536D3D7F267BDF100004248C /* LatestMediaView.swift in Sources */,
				531690ED267ABF46005D8AB9 /* ContinueWatchingView.swift in Sources */,
				62EC3530267666A5000E9F2D /* SessionManager.swift in Sources */,
				531690F7267ACC00005D8AB9 /* LandscapeItemElement.swift in Sources */,
				62E632E1267D30CA0063E547 /* LibraryViewModel.swift in Sources */,
				535870A82669D8AE00D05A09 /* StringExtensions.swift in Sources */,
				53ABFDE6267974EF00886593 /* SettingsViewModel.swift in Sources */,
				6267B3D826710B9800A7371D /* CollectionExtensions.swift in Sources */,
				62E632E7267D3F5B0063E547 /* EpisodeItemViewModel.swift in Sources */,
				535870A52669D8AE00D05A09 /* ParallaxHeader.swift in Sources */,
				531690F0267ABF72005D8AB9 /* NextUpView.swift in Sources */,
				535870A72669D8AE00D05A09 /* MultiSelectorView.swift in Sources */,
				62E632DD267D2E130063E547 /* LibrarySearchViewModel.swift in Sources */,
				536D3D81267BDFC60004248C /* PortraitItemElement.swift in Sources */,
				531690E5267ABD5C005D8AB9 /* MainTabView.swift in Sources */,
				53ABFDE7267974EF00886593 /* ConnectToServerViewModel.swift in Sources */,
				53ABFDEE26799DCD00886593 /* ImageView.swift in Sources */,
				62E632E4267D3BA60063E547 /* MovieItemViewModel.swift in Sources */,
				5358706C2669D21700D05A09 /* PersistenceController.swift in Sources */,
				535870AA2669D8AE00D05A09 /* BlurHashDecode.swift in Sources */,
				53ABFDE5267974EF00886593 /* ViewModel.swift in Sources */,
				535870A62669D8AE00D05A09 /* LazyView.swift in Sources */,
				5321753E2671DE9C005491E6 /* Typings.swift in Sources */,
				53ABFDEB2679753200886593 /* ConnectToServerView.swift in Sources */,
				536D3D76267BA9BB0004248C /* MainTabViewModel.swift in Sources */,
				536D3D74267BA8170004248C /* BackgroundManager.swift in Sources */,
				535870632669D21600D05A09 /* JellyfinPlayer_tvOSApp.swift in Sources */,
				53ABFDE4267974EF00886593 /* LibraryListViewModel.swift in Sources */,
				5364F456266CA0DC0026ECBA /* APIExtensions.swift in Sources */,
				531690FA267AD6EC005D8AB9 /* PlainNavigationLinkButton.swift in Sources */,
				535870A32669D89F00D05A09 /* Model.xcdatamodeld in Sources */,
			);
			runOnlyForDeploymentPostprocessing = 0;
		};
		5377CBED263B596A003A4E83 /* Sources */ = {
			isa = PBXSourcesBuildPhase;
			buildActionMask = 2147483647;
			files = (
				5364F455266CA0DC0026ECBA /* APIExtensions.swift in Sources */,
				621338932660107500A81A2A /* StringExtensions.swift in Sources */,
				53FF7F2A263CF3F500585C35 /* LatestMediaView.swift in Sources */,
				625CB5732678C32A00530A6E /* HomeViewModel.swift in Sources */,
				62E632DC267D2E130063E547 /* LibrarySearchViewModel.swift in Sources */,
				5377CBFE263B596B003A4E83 /* PersistenceController.swift in Sources */,
				5389276E263C25100035E14B /* ContinueWatchingView.swift in Sources */,
				53AD124E26702B8A0094A276 /* SeasonItemView.swift in Sources */,
				535BAE9F2649E569005FA86D /* ItemView.swift in Sources */,
				6225FCCB2663841E00E067F6 /* ParallaxHeader.swift in Sources */,
				625CB5772678C34300530A6E /* ConnectToServerViewModel.swift in Sources */,
				536D3D78267BD5C30004248C /* ViewModel.swift in Sources */,
				53DE4BD02670961400739748 /* EpisodeItemView.swift in Sources */,
				53F8377D265FF67C00F456B3 /* VideoPlayerSettingsView.swift in Sources */,
				53192D5D265AA78A008A4215 /* DeviceProfileBuilder.swift in Sources */,
				62133890265F83A900A81A2A /* LibraryListView.swift in Sources */,
				62E632DA267D2BC40063E547 /* LatestMediaViewModel.swift in Sources */,
				625CB56F2678C23300530A6E /* HomeView.swift in Sources */,
				53892770263C25230035E14B /* NextUpView.swift in Sources */,
				625CB5682678B6FB00530A6E /* SplashView.swift in Sources */,
				535BAEA5264A151C005FA86D /* VideoPlayer.swift in Sources */,
				62E632E6267D3F5B0063E547 /* EpisodeItemViewModel.swift in Sources */,
				5321753B2671BCFC005491E6 /* SettingsViewModel.swift in Sources */,
				532175402671EE4F005491E6 /* LibraryFilterView.swift in Sources */,
				5377CC01263B596B003A4E83 /* Model.xcdatamodeld in Sources */,
				53DF641E263D9C0600A7CD1A /* LibraryView.swift in Sources */,
				6267B3D626710B8900A7371D /* CollectionExtensions.swift in Sources */,
				53A089D0264DA9DA00D57806 /* MovieItemView.swift in Sources */,
				625CB56A2678B71200530A6E /* SplashViewModel.swift in Sources */,
				53DE4BD2267098F300739748 /* SearchBarView.swift in Sources */,
				53E4E649263F725B00F67C6B /* MultiSelectorView.swift in Sources */,
				621338B32660A07800A81A2A /* LazyView.swift in Sources */,
				531AC8BF26750DE20091C7EB /* ImageView.swift in Sources */,
				62E632E0267D30CA0063E547 /* LibraryViewModel.swift in Sources */,
				62EC352F267666A5000E9F2D /* SessionManager.swift in Sources */,
				62E632E3267D3BA60063E547 /* MovieItemViewModel.swift in Sources */,
				535870AD2669D8DD00D05A09 /* Typings.swift in Sources */,
				62EC352C26766675000E9F2D /* ServerEnvironment.swift in Sources */,
				6267B3DA2671138200A7371D /* ImageExtensions.swift in Sources */,
				62EC353426766B03000E9F2D /* DeviceRotationViewModifier.swift in Sources */,
				5389277C263CC3DB0035E14B /* BlurHashDecode.swift in Sources */,
				625CB56C2678C0FD00530A6E /* MainTabView.swift in Sources */,
				539B2DA5263BA5B8007FF1A4 /* SettingsView.swift in Sources */,
				5338F74E263B61370014BF09 /* ConnectToServerView.swift in Sources */,
				53AD124D267029D60094A276 /* SeriesItemView.swift in Sources */,
				5377CBF5263B596A003A4E83 /* JellyfinPlayerApp.swift in Sources */,
				53EE24E6265060780068F029 /* LibrarySearchView.swift in Sources */,
				53892772263C8C6F0035E14B /* LoadingView.swift in Sources */,
				625CB5752678C33500530A6E /* LibraryListViewModel.swift in Sources */,
			);
			runOnlyForDeploymentPostprocessing = 0;
		};
		628B951C2670CABD0091AF3B /* Sources */ = {
			isa = PBXSourcesBuildPhase;
			buildActionMask = 2147483647;
			files = (
				62EC353126766848000E9F2D /* ServerEnvironment.swift in Sources */,
				6267B3D42671024A00A7371D /* APIExtensions.swift in Sources */,
				6267B3D726710B9700A7371D /* CollectionExtensions.swift in Sources */,
				628B953C2670D2430091AF3B /* StringExtensions.swift in Sources */,
				6267B3DB2671139400A7371D /* ImageExtensions.swift in Sources */,
				628B95372670CB800091AF3B /* JellyfinWidget.swift in Sources */,
				6228B1C22670EB010067FD35 /* PersistenceController.swift in Sources */,
				628B95272670CABD0091AF3B /* NextUpWidget.swift in Sources */,
				628B95382670CDAB0091AF3B /* Model.xcdatamodeld in Sources */,
				62EC353226766849000E9F2D /* SessionManager.swift in Sources */,
				536D3D79267BD5D00004248C /* ViewModel.swift in Sources */,
			);
			runOnlyForDeploymentPostprocessing = 0;
		};
/* End PBXSourcesBuildPhase section */

/* Begin PBXTargetDependency section */
		628B952C2670CABE0091AF3B /* PBXTargetDependency */ = {
			isa = PBXTargetDependency;
			target = 628B951F2670CABD0091AF3B /* WidgetExtension */;
			targetProxy = 628B952B2670CABE0091AF3B /* PBXContainerItemProxy */;
		};
/* End PBXTargetDependency section */

/* Begin XCBuildConfiguration section */
		535870722669D21700D05A09 /* Debug */ = {
			isa = XCBuildConfiguration;
			buildSettings = {
				ASSETCATALOG_COMPILER_APPICON_NAME = "App Icon & Top Shelf Image";
				ASSETCATALOG_COMPILER_GLOBAL_ACCENT_COLOR_NAME = AccentColor;
				CODE_SIGN_ENTITLEMENTS = "JellyfinPlayer tvOS/JellyfinPlayer tvOS.entitlements";
				CODE_SIGN_STYLE = Automatic;
				CURRENT_PROJECT_VERSION = 43;
				DEVELOPMENT_ASSET_PATHS = "\"JellyfinPlayer tvOS/Preview Content\"";
				DEVELOPMENT_TEAM = 9R8RREG67J;
				ENABLE_PREVIEWS = YES;
				FRAMEWORK_SEARCH_PATHS = (
					"$(inherited)",
					"$(PROJECT_DIR)/Carthage/Build/TVVLCKit.xcframework/tvos-arm64",
				);
				INFOPLIST_FILE = "JellyfinPlayer tvOS/Info.plist";
				LD_RUNPATH_SEARCH_PATHS = (
					"$(inherited)",
					"@executable_path/Frameworks",
				);
				MARKETING_VERSION = 1.0.0;
				PRODUCT_BUNDLE_IDENTIFIER = me.vigue.jellyfin;
				PRODUCT_NAME = "$(TARGET_NAME)";
				SDKROOT = appletvos;
				SWIFT_VERSION = 5.0;
				TARGETED_DEVICE_FAMILY = 3;
				TVOS_DEPLOYMENT_TARGET = 14.5;
			};
			name = Debug;
		};
		535870732669D21700D05A09 /* Release */ = {
			isa = XCBuildConfiguration;
			buildSettings = {
				ASSETCATALOG_COMPILER_APPICON_NAME = "App Icon & Top Shelf Image";
				ASSETCATALOG_COMPILER_GLOBAL_ACCENT_COLOR_NAME = AccentColor;
				CODE_SIGN_ENTITLEMENTS = "JellyfinPlayer tvOS/JellyfinPlayer tvOS.entitlements";
				CODE_SIGN_STYLE = Automatic;
				CURRENT_PROJECT_VERSION = 43;
				DEVELOPMENT_ASSET_PATHS = "\"JellyfinPlayer tvOS/Preview Content\"";
				DEVELOPMENT_TEAM = 9R8RREG67J;
				ENABLE_PREVIEWS = YES;
				FRAMEWORK_SEARCH_PATHS = (
					"$(inherited)",
					"$(PROJECT_DIR)/Carthage/Build/TVVLCKit.xcframework/tvos-arm64",
				);
				INFOPLIST_FILE = "JellyfinPlayer tvOS/Info.plist";
				LD_RUNPATH_SEARCH_PATHS = (
					"$(inherited)",
					"@executable_path/Frameworks",
				);
				MARKETING_VERSION = 1.0.0;
				PRODUCT_BUNDLE_IDENTIFIER = me.vigue.jellyfin;
				PRODUCT_NAME = "$(TARGET_NAME)";
				SDKROOT = appletvos;
				SWIFT_VERSION = 5.0;
				TARGETED_DEVICE_FAMILY = 3;
				TVOS_DEPLOYMENT_TARGET = 14.5;
			};
			name = Release;
		};
		5377CC19263B596B003A4E83 /* Debug */ = {
			isa = XCBuildConfiguration;
			buildSettings = {
				ALWAYS_SEARCH_USER_PATHS = NO;
				CLANG_ANALYZER_NONNULL = YES;
				CLANG_ANALYZER_NUMBER_OBJECT_CONVERSION = YES_AGGRESSIVE;
				CLANG_CXX_LANGUAGE_STANDARD = "gnu++14";
				CLANG_CXX_LIBRARY = "libc++";
				CLANG_ENABLE_MODULES = YES;
				CLANG_ENABLE_OBJC_ARC = YES;
				CLANG_ENABLE_OBJC_WEAK = YES;
				CLANG_WARN_BLOCK_CAPTURE_AUTORELEASING = YES;
				CLANG_WARN_BOOL_CONVERSION = YES;
				CLANG_WARN_COMMA = YES;
				CLANG_WARN_CONSTANT_CONVERSION = YES;
				CLANG_WARN_DEPRECATED_OBJC_IMPLEMENTATIONS = YES;
				CLANG_WARN_DIRECT_OBJC_ISA_USAGE = YES_ERROR;
				CLANG_WARN_DOCUMENTATION_COMMENTS = YES;
				CLANG_WARN_EMPTY_BODY = YES;
				CLANG_WARN_ENUM_CONVERSION = YES;
				CLANG_WARN_INFINITE_RECURSION = YES;
				CLANG_WARN_INT_CONVERSION = YES;
				CLANG_WARN_NON_LITERAL_NULL_CONVERSION = YES;
				CLANG_WARN_OBJC_IMPLICIT_RETAIN_SELF = YES;
				CLANG_WARN_OBJC_LITERAL_CONVERSION = YES;
				CLANG_WARN_OBJC_ROOT_CLASS = YES_ERROR;
				CLANG_WARN_QUOTED_INCLUDE_IN_FRAMEWORK_HEADER = YES;
				CLANG_WARN_RANGE_LOOP_ANALYSIS = YES;
				CLANG_WARN_STRICT_PROTOTYPES = YES;
				CLANG_WARN_SUSPICIOUS_MOVE = YES;
				CLANG_WARN_UNGUARDED_AVAILABILITY = YES_AGGRESSIVE;
				CLANG_WARN_UNREACHABLE_CODE = YES;
				CLANG_WARN__DUPLICATE_METHOD_MATCH = YES;
				COPY_PHASE_STRIP = NO;
				DEBUG_INFORMATION_FORMAT = dwarf;
				ENABLE_STRICT_OBJC_MSGSEND = YES;
				ENABLE_TESTABILITY = YES;
				EXCLUDED_ARCHS = "";
				"EXCLUDED_ARCHS[sdk=*]" = "";
				GCC_C_LANGUAGE_STANDARD = gnu11;
				GCC_DYNAMIC_NO_PIC = NO;
				GCC_NO_COMMON_BLOCKS = YES;
				GCC_OPTIMIZATION_LEVEL = 0;
				GCC_PREPROCESSOR_DEFINITIONS = (
					"DEBUG=1",
					"$(inherited)",
				);
				GCC_WARN_64_TO_32_BIT_CONVERSION = YES;
				GCC_WARN_ABOUT_RETURN_TYPE = YES_ERROR;
				GCC_WARN_UNDECLARED_SELECTOR = YES;
				GCC_WARN_UNINITIALIZED_AUTOS = YES_AGGRESSIVE;
				GCC_WARN_UNUSED_FUNCTION = YES;
				GCC_WARN_UNUSED_VARIABLE = YES;
				IPHONEOS_DEPLOYMENT_TARGET = 14.1;
				MTL_ENABLE_DEBUG_INFO = INCLUDE_SOURCE;
				MTL_FAST_MATH = YES;
				ONLY_ACTIVE_ARCH = YES;
				SDKROOT = iphoneos;
				SWIFT_ACTIVE_COMPILATION_CONDITIONS = DEBUG;
				SWIFT_OPTIMIZATION_LEVEL = "-Onone";
			};
			name = Debug;
		};
		5377CC1A263B596B003A4E83 /* Release */ = {
			isa = XCBuildConfiguration;
			buildSettings = {
				ALWAYS_SEARCH_USER_PATHS = NO;
				CLANG_ANALYZER_NONNULL = YES;
				CLANG_ANALYZER_NUMBER_OBJECT_CONVERSION = YES_AGGRESSIVE;
				CLANG_CXX_LANGUAGE_STANDARD = "gnu++14";
				CLANG_CXX_LIBRARY = "libc++";
				CLANG_ENABLE_MODULES = YES;
				CLANG_ENABLE_OBJC_ARC = YES;
				CLANG_ENABLE_OBJC_WEAK = YES;
				CLANG_WARN_BLOCK_CAPTURE_AUTORELEASING = YES;
				CLANG_WARN_BOOL_CONVERSION = YES;
				CLANG_WARN_COMMA = YES;
				CLANG_WARN_CONSTANT_CONVERSION = YES;
				CLANG_WARN_DEPRECATED_OBJC_IMPLEMENTATIONS = YES;
				CLANG_WARN_DIRECT_OBJC_ISA_USAGE = YES_ERROR;
				CLANG_WARN_DOCUMENTATION_COMMENTS = YES;
				CLANG_WARN_EMPTY_BODY = YES;
				CLANG_WARN_ENUM_CONVERSION = YES;
				CLANG_WARN_INFINITE_RECURSION = YES;
				CLANG_WARN_INT_CONVERSION = YES;
				CLANG_WARN_NON_LITERAL_NULL_CONVERSION = YES;
				CLANG_WARN_OBJC_IMPLICIT_RETAIN_SELF = YES;
				CLANG_WARN_OBJC_LITERAL_CONVERSION = YES;
				CLANG_WARN_OBJC_ROOT_CLASS = YES_ERROR;
				CLANG_WARN_QUOTED_INCLUDE_IN_FRAMEWORK_HEADER = YES;
				CLANG_WARN_RANGE_LOOP_ANALYSIS = YES;
				CLANG_WARN_STRICT_PROTOTYPES = YES;
				CLANG_WARN_SUSPICIOUS_MOVE = YES;
				CLANG_WARN_UNGUARDED_AVAILABILITY = YES_AGGRESSIVE;
				CLANG_WARN_UNREACHABLE_CODE = YES;
				CLANG_WARN__DUPLICATE_METHOD_MATCH = YES;
				COPY_PHASE_STRIP = NO;
				DEBUG_INFORMATION_FORMAT = "dwarf-with-dsym";
				ENABLE_NS_ASSERTIONS = NO;
				ENABLE_STRICT_OBJC_MSGSEND = YES;
				EXCLUDED_ARCHS = "";
				GCC_C_LANGUAGE_STANDARD = gnu11;
				GCC_NO_COMMON_BLOCKS = YES;
				GCC_WARN_64_TO_32_BIT_CONVERSION = YES;
				GCC_WARN_ABOUT_RETURN_TYPE = YES_ERROR;
				GCC_WARN_UNDECLARED_SELECTOR = YES;
				GCC_WARN_UNINITIALIZED_AUTOS = YES_AGGRESSIVE;
				GCC_WARN_UNUSED_FUNCTION = YES;
				GCC_WARN_UNUSED_VARIABLE = YES;
				IPHONEOS_DEPLOYMENT_TARGET = 14.1;
				MTL_ENABLE_DEBUG_INFO = NO;
				MTL_FAST_MATH = YES;
				SDKROOT = iphoneos;
				SWIFT_COMPILATION_MODE = wholemodule;
				SWIFT_OPTIMIZATION_LEVEL = "-O";
				VALIDATE_PRODUCT = YES;
			};
			name = Release;
		};
		5377CC1C263B596B003A4E83 /* Debug */ = {
			isa = XCBuildConfiguration;
			buildSettings = {
				ALWAYS_EMBED_SWIFT_STANDARD_LIBRARIES = YES;
				ASSETCATALOG_COMPILER_APPICON_NAME = AppIcon;
				ASSETCATALOG_COMPILER_GLOBAL_ACCENT_COLOR_NAME = AccentColor;
				CODE_SIGN_ENTITLEMENTS = JellyfinPlayer/JellyfinPlayer.entitlements;
				CODE_SIGN_IDENTITY = "Apple Development";
				CODE_SIGN_STYLE = Automatic;
				CURRENT_PROJECT_VERSION = 43;
				DEVELOPMENT_ASSET_PATHS = "";
				DEVELOPMENT_TEAM = 9R8RREG67J;
				ENABLE_BITCODE = NO;
				ENABLE_PREVIEWS = YES;
				EXCLUDED_ARCHS = "";
				FRAMEWORK_SEARCH_PATHS = (
					"$(inherited)",
					"$(PROJECT_DIR)/Carthage/Build/MobileVLCKit.xcframework/ios-arm64_armv7_armv7s",
				);
				INFOPLIST_FILE = JellyfinPlayer/Info.plist;
				IPHONEOS_DEPLOYMENT_TARGET = 14.1;
				LD_RUNPATH_SEARCH_PATHS = (
					"$(inherited)",
					"@executable_path/Frameworks",
				);
				MARKETING_VERSION = 1.0.0;
				PRODUCT_BUNDLE_IDENTIFIER = me.vigue.jellyfin;
				PRODUCT_NAME = "$(TARGET_NAME)";
				PROVISIONING_PROFILE_SPECIFIER = "";
				SUPPORTS_MACCATALYST = NO;
				SUPPORTS_MAC_DESIGNED_FOR_IPHONE_IPAD = NO;
				SWIFT_VERSION = 5.0;
				TARGETED_DEVICE_FAMILY = "1,2";
			};
			name = Debug;
		};
		5377CC1D263B596B003A4E83 /* Release */ = {
			isa = XCBuildConfiguration;
			buildSettings = {
				ALWAYS_EMBED_SWIFT_STANDARD_LIBRARIES = YES;
				ASSETCATALOG_COMPILER_APPICON_NAME = AppIcon;
				ASSETCATALOG_COMPILER_GLOBAL_ACCENT_COLOR_NAME = AccentColor;
				CODE_SIGN_ENTITLEMENTS = JellyfinPlayer/JellyfinPlayer.entitlements;
				CODE_SIGN_IDENTITY = "Apple Development";
				CODE_SIGN_STYLE = Automatic;
				CURRENT_PROJECT_VERSION = 43;
				DEBUG_INFORMATION_FORMAT = "dwarf-with-dsym";
				DEVELOPMENT_ASSET_PATHS = "";
				DEVELOPMENT_TEAM = 9R8RREG67J;
				ENABLE_BITCODE = NO;
				ENABLE_PREVIEWS = YES;
				EXCLUDED_ARCHS = "";
				FRAMEWORK_SEARCH_PATHS = (
					"$(inherited)",
					"$(PROJECT_DIR)/Carthage/Build/MobileVLCKit.xcframework/ios-arm64_armv7_armv7s",
				);
				INFOPLIST_FILE = JellyfinPlayer/Info.plist;
				IPHONEOS_DEPLOYMENT_TARGET = 14.1;
				LD_RUNPATH_SEARCH_PATHS = (
					"$(inherited)",
					"@executable_path/Frameworks",
				);
				MARKETING_VERSION = 1.0.0;
				PRODUCT_BUNDLE_IDENTIFIER = me.vigue.jellyfin;
				PRODUCT_NAME = "$(TARGET_NAME)";
				PROVISIONING_PROFILE_SPECIFIER = "";
				SUPPORTS_MACCATALYST = NO;
				SUPPORTS_MAC_DESIGNED_FOR_IPHONE_IPAD = NO;
				SWIFT_VERSION = 5.0;
				TARGETED_DEVICE_FAMILY = "1,2";
			};
			name = Release;
		};
		628B952F2670CABE0091AF3B /* Debug */ = {
			isa = XCBuildConfiguration;
			buildSettings = {
				ASSETCATALOG_COMPILER_GLOBAL_ACCENT_COLOR_NAME = AccentColor;
				ASSETCATALOG_COMPILER_WIDGET_BACKGROUND_COLOR_NAME = WidgetBackground;
				CODE_SIGN_ENTITLEMENTS = WidgetExtension.entitlements;
				CODE_SIGN_STYLE = Automatic;
				CURRENT_PROJECT_VERSION = 43;
				DEVELOPMENT_TEAM = 9R8RREG67J;
				INFOPLIST_FILE = WidgetExtension/Info.plist;
				IPHONEOS_DEPLOYMENT_TARGET = 14.1;
				LD_RUNPATH_SEARCH_PATHS = (
					"$(inherited)",
					"@executable_path/Frameworks",
					"@executable_path/../../Frameworks",
				);
				MARKETING_VERSION = 1.0.0;
				PRODUCT_BUNDLE_IDENTIFIER = me.vigue.jellyfin.widget;
				PRODUCT_NAME = "$(TARGET_NAME)";
				SKIP_INSTALL = YES;
				SWIFT_VERSION = 5.0;
				TARGETED_DEVICE_FAMILY = "1,2";
			};
			name = Debug;
		};
		628B95302670CABE0091AF3B /* Release */ = {
			isa = XCBuildConfiguration;
			buildSettings = {
				ASSETCATALOG_COMPILER_GLOBAL_ACCENT_COLOR_NAME = AccentColor;
				ASSETCATALOG_COMPILER_WIDGET_BACKGROUND_COLOR_NAME = WidgetBackground;
				CODE_SIGN_ENTITLEMENTS = WidgetExtension.entitlements;
				CODE_SIGN_STYLE = Automatic;
				CURRENT_PROJECT_VERSION = 43;
				DEVELOPMENT_TEAM = 9R8RREG67J;
				INFOPLIST_FILE = WidgetExtension/Info.plist;
				IPHONEOS_DEPLOYMENT_TARGET = 14.1;
				LD_RUNPATH_SEARCH_PATHS = (
					"$(inherited)",
					"@executable_path/Frameworks",
					"@executable_path/../../Frameworks",
				);
				MARKETING_VERSION = 1.0.0;
				PRODUCT_BUNDLE_IDENTIFIER = me.vigue.jellyfin.widget;
				PRODUCT_NAME = "$(TARGET_NAME)";
				SKIP_INSTALL = YES;
				SWIFT_VERSION = 5.0;
				TARGETED_DEVICE_FAMILY = "1,2";
			};
			name = Release;
		};
/* End XCBuildConfiguration section */

/* Begin XCConfigurationList section */
		535870712669D21700D05A09 /* Build configuration list for PBXNativeTarget "JellyfinPlayer tvOS" */ = {
			isa = XCConfigurationList;
			buildConfigurations = (
				535870722669D21700D05A09 /* Debug */,
				535870732669D21700D05A09 /* Release */,
			);
			defaultConfigurationIsVisible = 0;
			defaultConfigurationName = Release;
		};
		5377CBEC263B596A003A4E83 /* Build configuration list for PBXProject "JellyfinPlayer" */ = {
			isa = XCConfigurationList;
			buildConfigurations = (
				5377CC19263B596B003A4E83 /* Debug */,
				5377CC1A263B596B003A4E83 /* Release */,
			);
			defaultConfigurationIsVisible = 0;
			defaultConfigurationName = Release;
		};
		5377CC1B263B596B003A4E83 /* Build configuration list for PBXNativeTarget "JellyfinPlayer iOS" */ = {
			isa = XCConfigurationList;
			buildConfigurations = (
				5377CC1C263B596B003A4E83 /* Debug */,
				5377CC1D263B596B003A4E83 /* Release */,
			);
			defaultConfigurationIsVisible = 0;
			defaultConfigurationName = Release;
		};
		628B952E2670CABE0091AF3B /* Build configuration list for PBXNativeTarget "WidgetExtension" */ = {
			isa = XCConfigurationList;
			buildConfigurations = (
				628B952F2670CABE0091AF3B /* Debug */,
				628B95302670CABE0091AF3B /* Release */,
			);
			defaultConfigurationIsVisible = 0;
			defaultConfigurationName = Release;
		};
/* End XCConfigurationList section */

/* Begin XCRemoteSwiftPackageReference section */
		5335256F265EA0A0006CCA86 /* XCRemoteSwiftPackageReference "SwiftUI-Introspect" */ = {
			isa = XCRemoteSwiftPackageReference;
			repositoryURL = "https://github.com/siteline/SwiftUI-Introspect";
			requirement = {
				kind = upToNextMajorVersion;
				minimumVersion = 0.1.3;
			};
		};
		5338F755263B7E2E0014BF09 /* XCRemoteSwiftPackageReference "keychain-swift" */ = {
			isa = XCRemoteSwiftPackageReference;
			repositoryURL = "https://github.com/evgenyneu/keychain-swift";
			requirement = {
				kind = upToNextMajorVersion;
				minimumVersion = 19.0.0;
			};
		};
		536D3D82267BEA550004248C /* XCRemoteSwiftPackageReference "ParallaxView" */ = {
			isa = XCRemoteSwiftPackageReference;
			repositoryURL = "https://github.com/PGSSoft/ParallaxView";
			requirement = {
				kind = upToNextMajorVersion;
				minimumVersion = 3.0.0;
			};
		};
		53A431BB266B0FF20016769F /* XCRemoteSwiftPackageReference "jellyfin-sdk-swift" */ = {
			isa = XCRemoteSwiftPackageReference;
			repositoryURL = "https://github.com/jellyfin/jellyfin-sdk-swift";
			requirement = {
				branch = main;
				kind = branch;
			};
		};
		621C637E26672A30004216EA /* XCRemoteSwiftPackageReference "NukeUI" */ = {
			isa = XCRemoteSwiftPackageReference;
			repositoryURL = "https://github.com/kean/NukeUI";
			requirement = {
				kind = exactVersion;
				version = 0.3.0;
			};
		};
		625CB5782678C4A400530A6E /* XCRemoteSwiftPackageReference "ActivityIndicator" */ = {
			isa = XCRemoteSwiftPackageReference;
			repositoryURL = "https://github.com/duyquang91/ActivityIndicator";
			requirement = {
				kind = upToNextMajorVersion;
				minimumVersion = 1.1.0;
			};
		};
/* End XCRemoteSwiftPackageReference section */

/* Begin XCSwiftPackageProductDependency section */
		53352570265EA0A0006CCA86 /* Introspect */ = {
			isa = XCSwiftPackageProductDependency;
			package = 5335256F265EA0A0006CCA86 /* XCRemoteSwiftPackageReference "SwiftUI-Introspect" */;
			productName = Introspect;
		};
		5338F756263B7E2E0014BF09 /* KeychainSwift */ = {
			isa = XCSwiftPackageProductDependency;
			package = 5338F755263B7E2E0014BF09 /* XCRemoteSwiftPackageReference "keychain-swift" */;
			productName = KeychainSwift;
		};
		5358708C2669D7A800D05A09 /* KeychainSwift */ = {
			isa = XCSwiftPackageProductDependency;
			package = 5338F755263B7E2E0014BF09 /* XCRemoteSwiftPackageReference "keychain-swift" */;
			productName = KeychainSwift;
		};
		535870902669D7A800D05A09 /* Introspect */ = {
			isa = XCSwiftPackageProductDependency;
			package = 5335256F265EA0A0006CCA86 /* XCRemoteSwiftPackageReference "SwiftUI-Introspect" */;
			productName = Introspect;
		};
		5358709A2669D7A800D05A09 /* NukeUI */ = {
			isa = XCSwiftPackageProductDependency;
			package = 621C637E26672A30004216EA /* XCRemoteSwiftPackageReference "NukeUI" */;
			productName = NukeUI;
		};
		536D3D7C267BD5F90004248C /* ActivityIndicator */ = {
			isa = XCSwiftPackageProductDependency;
			package = 625CB5782678C4A400530A6E /* XCRemoteSwiftPackageReference "ActivityIndicator" */;
			productName = ActivityIndicator;
		};
		536D3D83267BEA550004248C /* ParallaxView */ = {
			isa = XCSwiftPackageProductDependency;
			package = 536D3D82267BEA550004248C /* XCRemoteSwiftPackageReference "ParallaxView" */;
			productName = ParallaxView;
		};
		53A431BC266B0FF20016769F /* JellyfinAPI */ = {
			isa = XCSwiftPackageProductDependency;
			package = 53A431BB266B0FF20016769F /* XCRemoteSwiftPackageReference "jellyfin-sdk-swift" */;
			productName = JellyfinAPI;
		};
		53A431BE266B0FFE0016769F /* JellyfinAPI */ = {
			isa = XCSwiftPackageProductDependency;
			package = 53A431BB266B0FF20016769F /* XCRemoteSwiftPackageReference "jellyfin-sdk-swift" */;
			productName = JellyfinAPI;
		};
		53ABFDEC26799D7700886593 /* ActivityIndicator */ = {
			isa = XCSwiftPackageProductDependency;
			package = 625CB5782678C4A400530A6E /* XCRemoteSwiftPackageReference "ActivityIndicator" */;
			productName = ActivityIndicator;
		};
		621C637F26672A30004216EA /* NukeUI */ = {
			isa = XCSwiftPackageProductDependency;
			package = 621C637E26672A30004216EA /* XCRemoteSwiftPackageReference "NukeUI" */;
			productName = NukeUI;
		};
		625CB5792678C4A400530A6E /* ActivityIndicator */ = {
			isa = XCSwiftPackageProductDependency;
			package = 625CB5782678C4A400530A6E /* XCRemoteSwiftPackageReference "ActivityIndicator" */;
			productName = ActivityIndicator;
		};
		628B95322670CAEA0091AF3B /* NukeUI */ = {
			isa = XCSwiftPackageProductDependency;
			package = 621C637E26672A30004216EA /* XCRemoteSwiftPackageReference "NukeUI" */;
			productName = NukeUI;
		};
		628B95342670CAEA0091AF3B /* JellyfinAPI */ = {
			isa = XCSwiftPackageProductDependency;
			package = 53A431BB266B0FF20016769F /* XCRemoteSwiftPackageReference "jellyfin-sdk-swift" */;
			productName = JellyfinAPI;
		};
		628B95392670CE250091AF3B /* KeychainSwift */ = {
			isa = XCSwiftPackageProductDependency;
			package = 5338F755263B7E2E0014BF09 /* XCRemoteSwiftPackageReference "keychain-swift" */;
			productName = KeychainSwift;
		};
/* End XCSwiftPackageProductDependency section */

/* Begin XCVersionGroup section */
		5377CBFF263B596B003A4E83 /* Model.xcdatamodeld */ = {
			isa = XCVersionGroup;
			children = (
				5377CC00263B596B003A4E83 /* JellyfinPlayer.xcdatamodel */,
			);
			currentVersion = 5377CC00263B596B003A4E83 /* JellyfinPlayer.xcdatamodel */;
			path = Model.xcdatamodeld;
			sourceTree = "<group>";
			versionGroupType = wrapper.xcdatamodel;
		};
/* End XCVersionGroup section */
	};
	rootObject = 5377CBE9263B596A003A4E83 /* Project object */;
}
