{
  "pins" : [
    {
      "identity" : "blurhashkit",
      "kind" : "remoteSourceControl",
      "location" : "https://github.com/LePips/BlurHashKit",
      "state" : {
        "revision" : "c0bd7423398de68cbeb3f99bff70f79c38bf36ab",
        "version" : "1.2.0"
      }
    },
    {
      "identity" : "collectionhstack",
      "kind" : "remoteSourceControl",
      "location" : "https://github.com/LePips/CollectionHStack",
      "state" : {
        "branch" : "main",
        "revision" : "e192023a2f2ce9351cbe7fb6f01c47043de209a8"
      }
    },
    {
      "identity" : "collectionvgrid",
      "kind" : "remoteSourceControl",
      "location" : "https://github.com/LePips/CollectionVGrid",
      "state" : {
        "branch" : "main",
        "revision" : "2be0988304df1ab59a3340e41c07f94eee480e66"
      }
    },
    {
      "identity" : "collectionview",
      "kind" : "remoteSourceControl",
      "location" : "https://github.com/LePips/CollectionView",
      "state" : {
        "branch" : "main",
        "revision" : "70a44bd1a8864f88213be69613554a9d5a8fb779"
      }
    },
    {
      "identity" : "corestore",
      "kind" : "remoteSourceControl",
      "location" : "https://github.com/JohnEstropia/CoreStore.git",
      "state" : {
        "revision" : "4b6d9a54e75d2c9fd2c3c768f7d4aa3175c09133",
        "version" : "9.2.0"
      }
    },
    {
      "identity" : "defaults",
      "kind" : "remoteSourceControl",
      "location" : "https://github.com/sindresorhus/Defaults",
      "state" : {
        "revision" : "3efef5a28ebdbbe922d4a2049493733ed14475a6",
        "version" : "7.3.1"
      }
    },
    {
      "identity" : "differencekit",
      "kind" : "remoteSourceControl",
      "location" : "https://github.com/ra1028/DifferenceKit",
      "state" : {
        "revision" : "073b9671ce2b9b5b96398611427a1f929927e428",
        "version" : "1.3.0"
      }
    },
    {
      "identity" : "factory",
      "kind" : "remoteSourceControl",
      "location" : "https://github.com/hmlongco/Factory",
      "state" : {
        "revision" : "39ff6a675cd0272d833d184d35add0f8fddd63de",
        "version" : "1.3.7"
      }
    },
    {
      "identity" : "files",
      "kind" : "remoteSourceControl",
      "location" : "https://github.com/JohnSundell/Files",
      "state" : {
        "revision" : "d273b5b7025d386feef79ef6bad7de762e106eaf",
        "version" : "4.2.0"
      }
    },
    {
      "identity" : "get",
      "kind" : "remoteSourceControl",
      "location" : "https://github.com/kean/Get",
      "state" : {
        "revision" : "12830cc64f31789ae6f4352d2d51d03a25fc3741",
        "version" : "2.1.6"
      }
    },
    {
      "identity" : "jellyfin-sdk-swift",
      "kind" : "remoteSourceControl",
      "location" : "https://github.com/jellyfin/jellyfin-sdk-swift.git",
      "state" : {
        "revision" : "ecc338b4ac0a817df36e087799d7077252489ccc",
        "version" : "0.3.2"
      }
    },
    {
      "identity" : "nuke",
      "kind" : "remoteSourceControl",
      "location" : "https://github.com/kean/Nuke",
      "state" : {
        "revision" : "8ecbfc886da39bccb01c34abef5f2ff4073ad633",
        "version" : "12.4.0"
      }
    },
    {
      "identity" : "pulse",
      "kind" : "remoteSourceControl",
      "location" : "https://github.com/kean/Pulse",
      "state" : {
        "revision" : "d647e99f06abc94d63579e335ad4ce368195c149",
        "version" : "4.0.5"
      }
    },
    {
      "identity" : "pulseloghandler",
      "kind" : "remoteSourceControl",
      "location" : "https://github.com/kean/PulseLogHandler",
      "state" : {
        "revision" : "7280e980b71a1267099e7751a900fd1e67b7f4bb",
        "version" : "4.0.1"
      }
    },
    {
      "identity" : "stinsen",
      "kind" : "remoteSourceControl",
      "location" : "https://github.com/rundfunk47/stinsen",
      "state" : {
        "branch" : "master",
        "revision" : "6dda57096e16020342b36ebea86dc4bdf6783426"
      }
    },
    {
      "identity" : "swift-algorithms",
      "kind" : "remoteSourceControl",
      "location" : "https://github.com/apple/swift-algorithms.git",
      "state" : {
        "revision" : "f6919dfc309e7f1b56224378b11e28bab5bccc42",
        "version" : "1.2.0"
      }
    },
    {
      "identity" : "swift-collections",
      "kind" : "remoteSourceControl",
      "location" : "https://github.com/apple/swift-collections.git",
      "state" : {
        "revision" : "a902f1823a7ff3c9ab2fba0f992396b948eda307",
        "version" : "1.0.5"
      }
    },
    {
      "identity" : "swift-log",
      "kind" : "remoteSourceControl",
      "location" : "https://github.com/apple/swift-log.git",
      "state" : {
        "revision" : "e97a6fcb1ab07462881ac165fdbb37f067e205d5",
        "version" : "1.5.4"
      }
    },
    {
      "identity" : "swift-numerics",
      "kind" : "remoteSourceControl",
      "location" : "https://github.com/apple/swift-numerics",
      "state" : {
        "revision" : "0a5bc04095a675662cf24757cc0640aa2204253b",
        "version" : "1.0.2"
      }
    },
    {
      "identity" : "swiftui-introspect",
      "kind" : "remoteSourceControl",
      "location" : "https://github.com/siteline/SwiftUI-Introspect",
      "state" : {
        "revision" : "121c146fe591b1320238d054ae35c81ffa45f45a",
        "version" : "0.12.0"
      }
    },
    {
      "identity" : "swizzleswift",
      "kind" : "remoteSourceControl",
      "location" : "https://github.com/MarioIannotta/SwizzleSwift",
      "state" : {
        "branch" : "master",
        "revision" : "e2d31c646182bf94a496b173c6ee5ad191230e9a"
      }
    },
    {
      "identity" : "udpbroadcastconnection",
      "kind" : "remoteSourceControl",
      "location" : "https://github.com/gunterhager/UDPBroadcastConnection",
      "state" : {
        "revision" : "3680f532c00d18a168bb8da7b9f8f82fcd89180d",
        "version" : "5.0.5"
      }
    },
    {
      "identity" : "urlqueryencoder",
      "kind" : "remoteSourceControl",
      "location" : "https://github.com/CreateAPI/URLQueryEncoder",
      "state" : {
        "revision" : "4ce950479707ea109f229d7230ec074a133b15d7",
        "version" : "0.2.1"
      }
    },
    {
      "identity" : "vlcui",
      "kind" : "remoteSourceControl",
      "location" : "https://github.com/LePips/VLCUI",
      "state" : {
        "branch" : "main",
        "revision" : "50d4f6ec05a2d8333952def0d8e45019a4207132"
      }
    }
  ],
  "version" : 2
}
