{
  "object": {
    "pins": [
      {
        "package": "ActivityIndicator",
        "repositoryURL": "https://github.com/duyquang91/ActivityIndicator",
        "state": {
          "branch": null,
          "revision": "0101a02196f6a67cf26f6434b007d3db6bd07fee",
          "version": "1.1.0"
        }
      },
      {
        "package": "AnyCodable",
        "repositoryURL": "https://github.com/Flight-School/AnyCodable",
        "state": {
          "branch": null,
          "revision": "862808b2070cd908cb04f9aafe7de83d35f81b05",
          "version": "0.6.7"
        }
      },
      {
        "package": "BlurHashKit",
        "repositoryURL": "https://github.com/LePips/BlurHashKit",
        "state": {
          "branch": null,
          "revision": "3c23237f1f2b62741bce70bd2e4ef2aa7799ea85",
          "version": "1.1.0"
        }
      },
      {
        "package": "CollectionView",
        "repositoryURL": "https://github.com/LePips/CollectionView",
        "state": {
          "branch": "main",
          "revision": "b05ad718700cc99a4b88009ede6cf04c7326cd99",
          "version": null
        }
      },
      {
        "package": "CoreStore",
        "repositoryURL": "https://github.com/JohnEstropia/CoreStore.git",
        "state": {
          "branch": null,
          "revision": "25593754913d228777f14634bc6f493dbeb4e9fb",
          "version": "9.0.0"
        }
      },
      {
        "package": "Defaults",
        "repositoryURL": "https://github.com/sindresorhus/Defaults",
        "state": {
          "branch": null,
          "revision": "7a22d378742acbef49ecff11b9de8bf8b72b34dc",
          "version": "7.0.0"
        }
      },
      {
        "package": "Factory",
        "repositoryURL": "https://github.com/hmlongco/Factory",
        "state": {
          "branch": null,
          "revision": "8557426f3286e20b631ecdac8115242f888656e0",
          "version": "1.2.8"
        }
      },
      {
        "package": "Files",
        "repositoryURL": "https://github.com/JohnSundell/Files",
        "state": {
          "branch": null,
          "revision": "d273b5b7025d386feef79ef6bad7de762e106eaf",
          "version": "4.2.0"
        }
      },
      {
        "package": "JellyfinAPI",
        "repositoryURL": "https://github.com/jellyfin/jellyfin-sdk-swift",
        "state": {
          "branch": null,
          "revision": "9d6e46b94d2178116ee3546b03dfb67e19e3a93a",
          "version": "0.1.0"
        }
      },
      {
        "package": "Nuke",
        "repositoryURL": "https://github.com/kean/Nuke",
        "state": {
          "branch": null,
          "revision": "8ea514737c2011ff7d7544aa065ad44905bdae0b",
          "version": "11.1.0"
        }
      },
      {
        "package": "Pulse",
        "repositoryURL": "https://github.com/kean/Pulse",
        "state": {
          "branch": null,
          "revision": "48541b9a1ff292f2d471321f6bc9fce0c3778d1f",
          "version": null
        }
      },
      {
        "package": "Stinsen",
        "repositoryURL": "https://github.com/rundfunk47/stinsen",
        "state": {
          "branch": "master",
          "revision": "17afde3c4763e014c7505da15258a5d44821c91a",
          "version": null
        }
      },
      {
        "package": "swift-algorithms",
        "repositoryURL": "https://github.com/apple/swift-algorithms.git",
        "state": {
          "branch": null,
          "revision": "b14b7f4c528c942f121c8b860b9410b2bf57825e",
          "version": "1.0.0"
        }
      },
      {
        "package": "swift-log",
        "repositoryURL": "https://github.com/apple/swift-log.git",
        "state": {
          "branch": null,
          "revision": "6fe203dc33195667ce1759bf0182975e4653ba1c",
          "version": "1.4.4"
        }
      },
      {
        "package": "swift-numerics",
        "repositoryURL": "https://github.com/apple/swift-numerics",
        "state": {
          "branch": null,
          "revision": "0a5bc04095a675662cf24757cc0640aa2204253b",
          "version": "1.0.2"
        }
      },
      {
        "package": "Introspect",
        "repositoryURL": "https://github.com/siteline/SwiftUI-Introspect",
        "state": {
          "branch": null,
          "revision": "f2616860a41f9d9932da412a8978fec79c06fe24",
          "version": "0.1.4"
        }
      },
      {
        "package": "SwiftUICollection",
        "repositoryURL": "https://github.com/defagos/SwiftUICollection",
        "state": {
          "branch": "master",
          "revision": "5b9f14eb3ec5d48cec8b3e4462dcc554d4bff2a8",
          "version": null
        }
      },
      {
        "package": "SwizzleSwift",
        "repositoryURL": "https://github.com/MarioIannotta/SwizzleSwift",
        "state": {
          "branch": null,
          "revision": "337dd5f158182620b2bb53c6847f8874a0117b2f",
          "version": "1.0.0"
        }
      },
      {
        "package": "VLCUI",
        "repositoryURL": "https://github.com/LePips/VLCUI",
        "state": {
          "branch": "main",
          "revision": "da3ff09e7a71549936def4db27231395dafa2fe8",
          "version": null
        }
      }
    ]
  },
  "version": 1
}
