{
  "object": {
    "pins": [
      {
        "package": "ActivityIndicator",
        "repositoryURL": "https://github.com/duyquang91/ActivityIndicator",
        "state": {
          "branch": null,
          "revision": "0101a02196f6a67cf26f6434b007d3db6bd07fee",
          "version": "1.1.0"
        }
      },
      {
        "package": "AnyCodable",
        "repositoryURL": "https://github.com/Flight-School/AnyCodable",
        "state": {
          "branch": null,
          "revision": "876d162385e9862ae8b3c8d65dc301312b040005",
          "version": "0.6.0"
        }
      },
      {
        "package": "Gifu",
        "repositoryURL": "https://github.com/kaishin/Gifu",
        "state": {
          "branch": null,
          "revision": "0ffe24744cc3d82ab9edece53670d0352c6d5507",
          "version": "3.3.0"
        }
      },
      {
        "package": "JellyfinAPI",
        "repositoryURL": "https://github.com/jellyfin/jellyfin-sdk-swift",
        "state": {
          "branch": "main",
          "revision": "5cdc2419f547b3f31dc96f5eccaf3f303f44184b",
          "version": null
        }
      },
      {
        "package": "KeychainSwift",
        "repositoryURL": "https://github.com/evgenyneu/keychain-swift",
        "state": {
          "branch": null,
          "revision": "96fb84f45a96630e7583903bd7e08cf095c7a7ef",
          "version": "19.0.0"
        }
      },
      {
        "package": "Nuke",
        "repositoryURL": "https://github.com/kean/Nuke.git",
        "state": {
          "branch": null,
          "revision": "69ae6d5b8c4b898450432f94bd35f863d3830cfc",
          "version": "10.3.0"
        }
      },
      {
        "package": "NukeUI",
        "repositoryURL": "https://github.com/kean/NukeUI",
        "state": {
          "branch": null,
          "revision": "d2580b8d22b29c6244418d8e4b568f3162191460",
          "version": "0.3.0"
        }
      },
      {
        "package": "ParallaxView",
        "repositoryURL": "https://github.com/PGSSoft/ParallaxView",
        "state": {
          "branch": null,
          "revision": "a4165b0edd9c9c923a1d6e3e4c9a807302a1a475",
          "version": "3.1.2"
        }
      },
      {
        "package": "Result",
        "repositoryURL": "https://github.com/antitypical/Result",
        "state": {
          "branch": "master",
          "revision": "c30700bfcab7f555bf1d386fdd609407a94f369c",
          "version": null
        }
      },
      {
        "package": "SwiftProtobuf",
        "repositoryURL": "https://github.com/apple/swift-protobuf.git",
        "state": {
          "branch": null,
          "revision": "1f62db409f2c9b0223a3f68567b4a01333aae778",
          "version": "1.17.0"
        }
      },
      {
        "package": "Introspect",
        "repositoryURL": "https://github.com/siteline/SwiftUI-Introspect",
        "state": {
          "branch": null,
          "revision": "2e09be8af614401bc9f87d40093ec19ce56ccaf2",
          "version": "0.1.3"
        }
      },
      {
        "package": "SwiftyJSON",
        "repositoryURL": "https://github.com/SwiftyJSON/SwiftyJSON",
        "state": {
          "branch": "master",
          "revision": "b3dcd7dbd0d488e1a7077cb33b00f2083e382f07",
          "version": null
        }
      }
    ]
  },
  "version": 1
}
