{
  "object": {
    "pins": [
      {
        "package": "ActivityIndicator",
        "repositoryURL": "https://github.com/duyquang91/ActivityIndicator",
        "state": {
          "branch": null,
          "revision": "0101a02196f6a67cf26f6434b007d3db6bd07fee",
          "version": "1.1.0"
        }
      },
      {
        "package": "AnyCodable",
        "repositoryURL": "https://github.com/Flight-School/AnyCodable",
        "state": {
          "branch": null,
          "revision": "69261f239f0fffaf51495dadc4f8483fbfe97025",
          "version": "0.6.1"
        }
      },
      {
        "package": "combine-schedulers",
        "repositoryURL": "https://github.com/pointfreeco/combine-schedulers",
        "state": {
          "branch": null,
          "revision": "c37e5ae8012fb654af776cc556ff8ae64398c841",
          "version": "0.5.0"
        }
      },
      {
        "package": "CombineExt",
        "repositoryURL": "https://github.com/CombineCommunity/CombineExt",
        "state": {
          "branch": null,
          "revision": "5b8a0c0f178527f9204200505c5fefa6847e528f",
          "version": "1.3.0"
        }
      },
      {
        "package": "Defaults",
        "repositoryURL": "https://github.com/sindresorhus/Defaults",
        "state": {
          "branch": null,
          "revision": "63d93f97ad545c8bceb125a8a36175ea705f7cf5",
          "version": "5.0.0"
        }
      },
      {
        "package": "Gifu",
        "repositoryURL": "https://github.com/kaishin/Gifu",
        "state": {
          "branch": null,
          "revision": "51f2eab32903e336f590c013267cfa4d7f8b06c4",
          "version": "3.3.1"
        }
      },
      {
        "package": "jellyfin-sdk-swift",
        "repositoryURL": "https://github.com/jellyfin/jellyfin-sdk-swift",
        "state": {
          "branch": "main",
          "revision": "72e4111470273dff856d0c24ebb0fb30a251b1be",
          "version": null
        }
      },
      {
        "package": "keychain-swift",
        "repositoryURL": "https://github.com/evgenyneu/keychain-swift",
        "state": {
          "branch": null,
          "revision": "96fb84f45a96630e7583903bd7e08cf095c7a7ef",
          "version": "19.0.0"
        }
      },
      {
        "package": "Nuke",
        "repositoryURL": "https://github.com/kean/Nuke.git",
        "state": {
          "branch": null,
          "revision": "83e1edaa5a30c567eb129c21c6d00f2f552d2c6f",
          "version": "10.3.1"
        }
      },
      {
        "package": "NukeUI",
        "repositoryURL": "https://github.com/kean/NukeUI",
        "state": {
          "branch": null,
          "revision": "d2580b8d22b29c6244418d8e4b568f3162191460",
          "version": "0.3.0"
        }
      },
      {
        "package": "ParallaxView",
        "repositoryURL": "https://github.com/PGSSoft/ParallaxView",
        "state": {
          "branch": null,
          "revision": "a4165b0edd9c9c923a1d6e3e4c9a807302a1a475",
          "version": "3.1.2"
        }
      },
      {
        "package": "Puppy",
        "repositoryURL": "https://github.com/sushichop/Puppy",
        "state": {
          "branch": null,
          "revision": "dc82e65c749cee431ffbb8c0913680b61ccd7e08",
          "version": "0.2.0"
        }
      },
      {
        "package": "swift-log",
        "repositoryURL": "https://github.com/apple/swift-log.git",
        "state": {
          "branch": null,
          "revision": "5d66f7ba25daf4f94100e7022febf3c75e37a6c7",
          "version": "1.4.2"
        }
      },
      {
        "package": "SwiftUI-Introspect",
        "repositoryURL": "https://github.com/siteline/SwiftUI-Introspect",
        "state": {
          "branch": null,
          "revision": "2e09be8af614401bc9f87d40093ec19ce56ccaf2",
          "version": "0.1.3"
        }
      },
      {
        "package": "SwiftUIFocusGuide",
        "repositoryURL": "https://github.com/rmnblm/SwiftUIFocusGuide",
        "state": {
          "branch": null,
          "revision": "fb8eefaccb2954efedc19a5539241f370baa4a10",
          "version": "0.1.0"
        }
      },
      {
        "package": "SwiftyJSON",
        "repositoryURL": "https://github.com/SwiftyJSON/SwiftyJSON",
        "state": {
          "branch": "master",
          "revision": "b3dcd7dbd0d488e1a7077cb33b00f2083e382f07",
          "version": null
        }
      },
      {
        "package": "xctest-dynamic-overlay",
        "repositoryURL": "https://github.com/pointfreeco/xctest-dynamic-overlay",
        "state": {
          "branch": null,
          "revision": "603974e3909ad4b48ba04aad7e0ceee4f077a518",
          "version": "0.1.0"
        }
      }
    ]
  },
  "version": 1
}
