{
  "object": {
    "pins": [
      {
        "package": "ActivityIndicator",
        "repositoryURL": "https://github.com/duyquang91/ActivityIndicator",
        "state": {
          "branch": null,
          "revision": "0101a02196f6a67cf26f6434b007d3db6bd07fee",
          "version": "1.1.0"
        }
      },
      {
        "package": "AnyCodable",
        "repositoryURL": "https://github.com/Flight-School/AnyCodable",
        "state": {
          "branch": null,
          "revision": "b1a7a8a6186f2fcb28f7bda67cfc545de48b3c80",
          "version": "0.6.2"
        }
      },
      {
        "package": "combine-schedulers",
        "repositoryURL": "https://github.com/pointfreeco/combine-schedulers",
        "state": {
          "branch": null,
          "revision": "6bde3b0063ba8e7537b43744948535ca7e9e0dad",
          "version": "0.5.2"
        }
      },
      {
        "package": "CombineExt",
        "repositoryURL": "https://github.com/acvigue/CombineExt",
        "state": {
          "branch": "main",
          "revision": "f629c5b052d1cb5d03e10890deccc50e4c649e68",
          "version": null
        }
      },
      {
        "package": "Defaults",
        "repositoryURL": "https://github.com/acvigue/Defaults",
        "state": {
          "branch": "main",
          "revision": "a4153b523ab3df9f5e3f70e9cfe9c54bed98c7e3",
          "version": null
        }
      },
      {
        "package": "Gifu",
        "repositoryURL": "https://github.com/kaishin/Gifu",
        "state": {
          "branch": null,
          "revision": "51f2eab32903e336f590c013267cfa4d7f8b06c4",
          "version": "3.3.1"
        }
      },
      {
        "package": "JellyfinAPI",
        "repositoryURL": "https://github.com/jellyfin/jellyfin-sdk-swift",
        "state": {
          "branch": "main",
          "revision": "f315671ced976a7ec75ce6a1f37e00b4880cbf4b",
          "version": null
        }
      },
      {
        "package": "KeychainSwift",
        "repositoryURL": "https://github.com/evgenyneu/keychain-swift",
        "state": {
          "branch": null,
          "revision": "96fb84f45a96630e7583903bd7e08cf095c7a7ef",
          "version": "19.0.0"
        }
      },
      {
        "package": "Nuke",
        "repositoryURL": "https://github.com/kean/Nuke.git",
        "state": {
          "branch": null,
          "revision": "0db18dd34998cca18e9a28bcee136f84518007a0",
          "version": "10.4.1"
        }
      },
      {
        "package": "NukeUI",
        "repositoryURL": "https://github.com/kean/NukeUI",
        "state": {
          "branch": null,
          "revision": "d2580b8d22b29c6244418d8e4b568f3162191460",
          "version": "0.3.0"
        }
      },
      {
        "package": "ParallaxView",
        "repositoryURL": "https://github.com/PGSSoft/ParallaxView",
        "state": {
          "branch": null,
          "revision": "a4165b0edd9c9c923a1d6e3e4c9a807302a1a475",
          "version": "3.1.2"
        }
      },
      {
        "package": "Puppy",
        "repositoryURL": "https://github.com/sushichop/Puppy",
        "state": {
          "branch": null,
          "revision": "95ce04b0e778b8d7c351876bc98bbf68328dfc9b",
          "version": "0.3.1"
        }
      },
      {
        "package": "Stinsen",
        "repositoryURL": "https://github.com/rundfunk47/stinsen",
        "state": {
          "branch": null,
          "revision": "3d06c7603c70f8af1bd49f8d49f17e98f25b2d6a",
          "version": "2.0.2"
        }
      },
      {
        "package": "swift-log",
        "repositoryURL": "https://github.com/apple/swift-log.git",
        "state": {
          "branch": null,
          "revision": "5d66f7ba25daf4f94100e7022febf3c75e37a6c7",
          "version": "1.4.2"
        }
      },
      {
        "package": "Introspect",
        "repositoryURL": "https://github.com/siteline/SwiftUI-Introspect",
        "state": {
          "branch": null,
          "revision": "2e09be8af614401bc9f87d40093ec19ce56ccaf2",
          "version": "0.1.3"
        }
      },
      {
        "package": "SwiftUIFocusGuide",
        "repositoryURL": "https://github.com/rmnblm/SwiftUIFocusGuide",
        "state": {
          "branch": null,
          "revision": "fb8eefaccb2954efedc19a5539241f370baa4a10",
          "version": "0.1.0"
        }
      },
      {
        "package": "SwiftyJSON",
        "repositoryURL": "https://github.com/SwiftyJSON/SwiftyJSON",
        "state": {
          "branch": "master",
          "revision": "b3dcd7dbd0d488e1a7077cb33b00f2083e382f07",
          "version": null
        }
      },
      {
        "package": "xctest-dynamic-overlay",
        "repositoryURL": "https://github.com/pointfreeco/xctest-dynamic-overlay",
        "state": {
          "branch": null,
          "revision": "50a70a9d3583fe228ce672e8923010c8df2deddd",
          "version": "0.2.1"
        }
      }
    ]
  },
  "version": 1
}
